// !$*UTF8*$!
{
	archiveVersion = 1;
	classes = {
	};
	objectVersion = 56;
	objects = {

/* Begin PBXBuildFile section */
		4A62A315293A4D8800A9991A /* AppDelegate.swift in Sources */ = {isa = PBXBuildFile; fileRef = 4A62A314293A4D8800A9991A /* AppDelegate.swift */; };
		4A62A317293A4D8800A9991A /* SceneDelegate.swift in Sources */ = {isa = PBXBuildFile; fileRef = 4A62A316293A4D8800A9991A /* SceneDelegate.swift */; };
		4A62A319293A4D8800A9991A /* ViewController.swift in Sources */ = {isa = PBXBuildFile; fileRef = 4A62A318293A4D8800A9991A /* ViewController.swift */; };
		4A62A31C293A4D8800A9991A /* Main.storyboard in Resources */ = {isa = PBXBuildFile; fileRef = 4A62A31A293A4D8800A9991A /* Main.storyboard */; };
		4A62A31E293A4D8900A9991A /* Assets.xcassets in Resources */ = {isa = PBXBuildFile; fileRef = 4A62A31D293A4D8900A9991A /* Assets.xcassets */; };
		4A62A321293A4D8900A9991A /* LaunchScreen.storyboard in Resources */ = {isa = PBXBuildFile; fileRef = 4A62A31F293A4D8900A9991A /* LaunchScreen.storyboard */; };
		4A62A329293A51C800A9991A /* RepresentativeTableViewController.swift in Sources */ = {isa = PBXBuildFile; fileRef = 4A62A328293A51C800A9991A /* RepresentativeTableViewController.swift */; };
		4A62A32B293A525A00A9991A /* RepresentativeTableViewCell.swift in Sources */ = {isa = PBXBuildFile; fileRef = 4A62A32A293A525A00A9991A /* RepresentativeTableViewCell.swift */; };
		4A62A331293F928E00A9991A /* PhotoController.swift in Sources */ = {isa = PBXBuildFile; fileRef = 4A62A330293F928E00A9991A /* PhotoController.swift */; };
		4A62A333293F935A00A9991A /* PhotoInfo.swift in Sources */ = {isa = PBXBuildFile; fileRef = 4A62A332293F935A00A9991A /* PhotoInfo.swift */; };
		4A62A3352940E64C00A9991A /* Representative.swift in Sources */ = {isa = PBXBuildFile; fileRef = 4A62A3342940E64C00A9991A /* Representative.swift */; };
		4A62A3372940EB2F00A9991A /* RepresentativeController.swift in Sources */ = {isa = PBXBuildFile; fileRef = 4A62A3362940EB2F00A9991A /* RepresentativeController.swift */; };
/* End PBXBuildFile section */

/* Begin PBXFileReference section */
		4A62A311293A4D8800A9991A /* API Project.app */ = {isa = PBXFileReference; explicitFileType = wrapper.application; includeInIndex = 0; path = "API Project.app"; sourceTree = BUILT_PRODUCTS_DIR; };
		4A62A314293A4D8800A9991A /* AppDelegate.swift */ = {isa = PBXFileReference; lastKnownFileType = sourcecode.swift; path = AppDelegate.swift; sourceTree = "<group>"; };
		4A62A316293A4D8800A9991A /* SceneDelegate.swift */ = {isa = PBXFileReference; lastKnownFileType = sourcecode.swift; path = SceneDelegate.swift; sourceTree = "<group>"; };
		4A62A318293A4D8800A9991A /* ViewController.swift */ = {isa = PBXFileReference; lastKnownFileType = sourcecode.swift; path = ViewController.swift; sourceTree = "<group>"; };
		4A62A31B293A4D8800A9991A /* Base */ = {isa = PBXFileReference; lastKnownFileType = file.storyboard; name = Base; path = Base.lproj/Main.storyboard; sourceTree = "<group>"; };
		4A62A31D293A4D8900A9991A /* Assets.xcassets */ = {isa = PBXFileReference; lastKnownFileType = folder.assetcatalog; path = Assets.xcassets; sourceTree = "<group>"; };
		4A62A320293A4D8900A9991A /* Base */ = {isa = PBXFileReference; lastKnownFileType = file.storyboard; name = Base; path = Base.lproj/LaunchScreen.storyboard; sourceTree = "<group>"; };
		4A62A322293A4D8900A9991A /* Info.plist */ = {isa = PBXFileReference; lastKnownFileType = text.plist.xml; path = Info.plist; sourceTree = "<group>"; };
		4A62A328293A51C800A9991A /* RepresentativeTableViewController.swift */ = {isa = PBXFileReference; lastKnownFileType = sourcecode.swift; path = RepresentativeTableViewController.swift; sourceTree = "<group>"; };
		4A62A32A293A525A00A9991A /* RepresentativeTableViewCell.swift */ = {isa = PBXFileReference; lastKnownFileType = sourcecode.swift; path = RepresentativeTableViewCell.swift; sourceTree = "<group>"; };
		4A62A330293F928E00A9991A /* PhotoController.swift */ = {isa = PBXFileReference; lastKnownFileType = sourcecode.swift; path = PhotoController.swift; sourceTree = "<group>"; };
		4A62A332293F935A00A9991A /* PhotoInfo.swift */ = {isa = PBXFileReference; lastKnownFileType = sourcecode.swift; path = PhotoInfo.swift; sourceTree = "<group>"; };
		4A62A3342940E64C00A9991A /* Representative.swift */ = {isa = PBXFileReference; lastKnownFileType = sourcecode.swift; path = Representative.swift; sourceTree = "<group>"; };
		4A62A3362940EB2F00A9991A /* RepresentativeController.swift */ = {isa = PBXFileReference; lastKnownFileType = sourcecode.swift; path = RepresentativeController.swift; sourceTree = "<group>"; };
/* End PBXFileReference section */

/* Begin PBXFrameworksBuildPhase section */
		4A62A30E293A4D8800A9991A /* Frameworks */ = {
			isa = PBXFrameworksBuildPhase;
			buildActionMask = 2147483647;
			files = (
			);
			runOnlyForDeploymentPostprocessing = 0;
		};
/* End PBXFrameworksBuildPhase section */

/* Begin PBXGroup section */
		4A62A308293A4D8800A9991A = {
			isa = PBXGroup;
			children = (
				4A62A313293A4D8800A9991A /* API Project */,
				4A62A312293A4D8800A9991A /* Products */,
			);
			sourceTree = "<group>";
		};
		4A62A312293A4D8800A9991A /* Products */ = {
			isa = PBXGroup;
			children = (
				4A62A311293A4D8800A9991A /* API Project.app */,
			);
			name = Products;
			sourceTree = "<group>";
		};
		4A62A313293A4D8800A9991A /* API Project */ = {
			isa = PBXGroup;
			children = (
				4A62A314293A4D8800A9991A /* AppDelegate.swift */,
				4A62A316293A4D8800A9991A /* SceneDelegate.swift */,
				4A62A318293A4D8800A9991A /* ViewController.swift */,
				4A62A330293F928E00A9991A /* PhotoController.swift */,
				4A62A332293F935A00A9991A /* PhotoInfo.swift */,
				4A62A31A293A4D8800A9991A /* Main.storyboard */,
				4A62A32A293A525A00A9991A /* RepresentativeTableViewCell.swift */,
				4A62A328293A51C800A9991A /* RepresentativeTableViewController.swift */,
				4A62A3362940EB2F00A9991A /* RepresentativeController.swift */,
				4A62A3342940E64C00A9991A /* Representative.swift */,
				4A62A31D293A4D8900A9991A /* Assets.xcassets */,
				4A62A31F293A4D8900A9991A /* LaunchScreen.storyboard */,
				4A62A322293A4D8900A9991A /* Info.plist */,
			);
			path = "API Project";
			sourceTree = "<group>";
		};
/* End PBXGroup section */

/* Begin PBXNativeTarget section */
		4A62A310293A4D8800A9991A /* API Project */ = {
			isa = PBXNativeTarget;
			buildConfigurationList = 4A62A325293A4D8900A9991A /* Build configuration list for PBXNativeTarget "API Project" */;
			buildPhases = (
				4A62A30D293A4D8800A9991A /* Sources */,
				4A62A30E293A4D8800A9991A /* Frameworks */,
				4A62A30F293A4D8800A9991A /* Resources */,
			);
			buildRules = (
			);
			dependencies = (
			);
			name = "API Project";
			productName = "API Project";
			productReference = 4A62A311293A4D8800A9991A /* API Project.app */;
			productType = "com.apple.product-type.application";
		};
/* End PBXNativeTarget section */

/* Begin PBXProject section */
		4A62A309293A4D8800A9991A /* Project object */ = {
			isa = PBXProject;
			attributes = {
				BuildIndependentTargetsInParallel = 1;
				LastSwiftUpdateCheck = 1410;
				LastUpgradeCheck = 1410;
				TargetAttributes = {
					4A62A310293A4D8800A9991A = {
						CreatedOnToolsVersion = 14.1;
					};
				};
			};
			buildConfigurationList = 4A62A30C293A4D8800A9991A /* Build configuration list for PBXProject "API Project" */;
			compatibilityVersion = "Xcode 14.0";
			developmentRegion = en;
			hasScannedForEncodings = 0;
			knownRegions = (
				en,
				Base,
			);
			mainGroup = 4A62A308293A4D8800A9991A;
			productRefGroup = 4A62A312293A4D8800A9991A /* Products */;
			projectDirPath = "";
			projectRoot = "";
			targets = (
				4A62A310293A4D8800A9991A /* API Project */,
			);
		};
/* End PBXProject section */

/* Begin PBXResourcesBuildPhase section */
		4A62A30F293A4D8800A9991A /* Resources */ = {
			isa = PBXResourcesBuildPhase;
			buildActionMask = 2147483647;
			files = (
				4A62A321293A4D8900A9991A /* LaunchScreen.storyboard in Resources */,
				4A62A31E293A4D8900A9991A /* Assets.xcassets in Resources */,
				4A62A31C293A4D8800A9991A /* Main.storyboard in Resources */,
			);
			runOnlyForDeploymentPostprocessing = 0;
		};
/* End PBXResourcesBuildPhase section */

/* Begin PBXSourcesBuildPhase section */
		4A62A30D293A4D8800A9991A /* Sources */ = {
			isa = PBXSourcesBuildPhase;
			buildActionMask = 2147483647;
			files = (
				4A62A3352940E64C00A9991A /* Representative.swift in Sources */,
				4A62A333293F935A00A9991A /* PhotoInfo.swift in Sources */,
				4A62A319293A4D8800A9991A /* ViewController.swift in Sources */,
				4A62A315293A4D8800A9991A /* AppDelegate.swift in Sources */,
				4A62A329293A51C800A9991A /* RepresentativeTableViewController.swift in Sources */,
				4A62A317293A4D8800A9991A /* SceneDelegate.swift in Sources */,
				4A62A32B293A525A00A9991A /* RepresentativeTableViewCell.swift in Sources */,
				4A62A3372940EB2F00A9991A /* RepresentativeController.swift in Sources */,
				4A62A331293F928E00A9991A /* PhotoController.swift in Sources */,
			);
			runOnlyForDeploymentPostprocessing = 0;
		};
/* End PBXSourcesBuildPhase section */

/* Begin PBXVariantGroup section */
		4A62A31A293A4D8800A9991A /* Main.storyboard */ = {
			isa = PBXVariantGroup;
			children = (
				4A62A31B293A4D8800A9991A /* Base */,
			);
			name = Main.storyboard;
			sourceTree = "<group>";
		};
		4A62A31F293A4D8900A9991A /* LaunchScreen.storyboard */ = {
			isa = PBXVariantGroup;
			children = (
				4A62A320293A4D8900A9991A /* Base */,
			);
			name = LaunchScreen.storyboard;
			sourceTree = "<group>";
		};
/* End PBXVariantGroup section */

/* Begin XCBuildConfiguration section */
		4A62A323293A4D8900A9991A /* Debug */ = {
			isa = XCBuildConfiguration;
			buildSettings = {
				ALWAYS_SEARCH_USER_PATHS = NO;
				CLANG_ANALYZER_NONNULL = YES;
				CLANG_ANALYZER_NUMBER_OBJECT_CONVERSION = YES_AGGRESSIVE;
				CLANG_CXX_LANGUAGE_STANDARD = "gnu++20";
				CLANG_ENABLE_MODULES = YES;
				CLANG_ENABLE_OBJC_ARC = YES;
				CLANG_ENABLE_OBJC_WEAK = YES;
				CLANG_WARN_BLOCK_CAPTURE_AUTORELEASING = YES;
				CLANG_WARN_BOOL_CONVERSION = YES;
				CLANG_WARN_COMMA = YES;
				CLANG_WARN_CONSTANT_CONVERSION = YES;
				CLANG_WARN_DEPRECATED_OBJC_IMPLEMENTATIONS = YES;
				CLANG_WARN_DIRECT_OBJC_ISA_USAGE = YES_ERROR;
				CLANG_WARN_DOCUMENTATION_COMMENTS = YES;
				CLANG_WARN_EMPTY_BODY = YES;
				CLANG_WARN_ENUM_CONVERSION = YES;
				CLANG_WARN_INFINITE_RECURSION = YES;
				CLANG_WARN_INT_CONVERSION = YES;
				CLANG_WARN_NON_LITERAL_NULL_CONVERSION = YES;
				CLANG_WARN_OBJC_IMPLICIT_RETAIN_SELF = YES;
				CLANG_WARN_OBJC_LITERAL_CONVERSION = YES;
				CLANG_WARN_OBJC_ROOT_CLASS = YES_ERROR;
				CLANG_WARN_QUOTED_INCLUDE_IN_FRAMEWORK_HEADER = YES;
				CLANG_WARN_RANGE_LOOP_ANALYSIS = YES;
				CLANG_WARN_STRICT_PROTOTYPES = YES;
				CLANG_WARN_SUSPICIOUS_MOVE = YES;
				CLANG_WARN_UNGUARDED_AVAILABILITY = YES_AGGRESSIVE;
				CLANG_WARN_UNREACHABLE_CODE = YES;
				CLANG_WARN__DUPLICATE_METHOD_MATCH = YES;
				COPY_PHASE_STRIP = NO;
				DEBUG_INFORMATION_FORMAT = dwarf;
				ENABLE_STRICT_OBJC_MSGSEND = YES;
				ENABLE_TESTABILITY = YES;
				GCC_C_LANGUAGE_STANDARD = gnu11;
				GCC_DYNAMIC_NO_PIC = NO;
				GCC_NO_COMMON_BLOCKS = YES;
				GCC_OPTIMIZATION_LEVEL = 0;
				GCC_PREPROCESSOR_DEFINITIONS = (
					"DEBUG=1",
					"$(inherited)",
				);
				GCC_WARN_64_TO_32_BIT_CONVERSION = YES;
				GCC_WARN_ABOUT_RETURN_TYPE = YES_ERROR;
				GCC_WARN_UNDECLARED_SELECTOR = YES;
				GCC_WARN_UNINITIALIZED_AUTOS = YES_AGGRESSIVE;
				GCC_WARN_UNUSED_FUNCTION = YES;
				GCC_WARN_UNUSED_VARIABLE = YES;
				IPHONEOS_DEPLOYMENT_TARGET = 16.1;
				MTL_ENABLE_DEBUG_INFO = INCLUDE_SOURCE;
				MTL_FAST_MATH = YES;
				ONLY_ACTIVE_ARCH = YES;
				SDKROOT = iphoneos;
				SWIFT_ACTIVE_COMPILATION_CONDITIONS = DEBUG;
				SWIFT_OPTIMIZATION_LEVEL = "-Onone";
			};
			name = Debug;
		};
		4A62A324293A4D8900A9991A /* Release */ = {
			isa = XCBuildConfiguration;
			buildSettings = {
				ALWAYS_SEARCH_USER_PATHS = NO;
				CLANG_ANALYZER_NONNULL = YES;
				CLANG_ANALYZER_NUMBER_OBJECT_CONVERSION = YES_AGGRESSIVE;
				CLANG_CXX_LANGUAGE_STANDARD = "gnu++20";
				CLANG_ENABLE_MODULES = YES;
				CLANG_ENABLE_OBJC_ARC = YES;
				CLANG_ENABLE_OBJC_WEAK = YES;
				CLANG_WARN_BLOCK_CAPTURE_AUTORELEASING = YES;
				CLANG_WARN_BOOL_CONVERSION = YES;
				CLANG_WARN_COMMA = YES;
				CLANG_WARN_CONSTANT_CONVERSION = YES;
				CLANG_WARN_DEPRECATED_OBJC_IMPLEMENTATIONS = YES;
				CLANG_WARN_DIRECT_OBJC_ISA_USAGE = YES_ERROR;
				CLANG_WARN_DOCUMENTATION_COMMENTS = YES;
				CLANG_WARN_EMPTY_BODY = YES;
				CLANG_WARN_ENUM_CONVERSION = YES;
				CLANG_WARN_INFINITE_RECURSION = YES;
				CLANG_WARN_INT_CONVERSION = YES;
				CLANG_WARN_NON_LITERAL_NULL_CONVERSION = YES;
				CLANG_WARN_OBJC_IMPLICIT_RETAIN_SELF = YES;
				CLANG_WARN_OBJC_LITERAL_CONVERSION = YES;
				CLANG_WARN_OBJC_ROOT_CLASS = YES_ERROR;
				CLANG_WARN_QUOTED_INCLUDE_IN_FRAMEWORK_HEADER = YES;
				CLANG_WARN_RANGE_LOOP_ANALYSIS = YES;
				CLANG_WARN_STRICT_PROTOTYPES = YES;
				CLANG_WARN_SUSPICIOUS_MOVE = YES;
				CLANG_WARN_UNGUARDED_AVAILABILITY = YES_AGGRESSIVE;
				CLANG_WARN_UNREACHABLE_CODE = YES;
				CLANG_WARN__DUPLICATE_METHOD_MATCH = YES;
				COPY_PHASE_STRIP = NO;
				DEBUG_INFORMATION_FORMAT = "dwarf-with-dsym";
				ENABLE_NS_ASSERTIONS = NO;
				ENABLE_STRICT_OBJC_MSGSEND = YES;
				GCC_C_LANGUAGE_STANDARD = gnu11;
				GCC_NO_COMMON_BLOCKS = YES;
				GCC_WARN_64_TO_32_BIT_CONVERSION = YES;
				GCC_WARN_ABOUT_RETURN_TYPE = YES_ERROR;
				GCC_WARN_UNDECLARED_SELECTOR = YES;
				GCC_WARN_UNINITIALIZED_AUTOS = YES_AGGRESSIVE;
				GCC_WARN_UNUSED_FUNCTION = YES;
				GCC_WARN_UNUSED_VARIABLE = YES;
				IPHONEOS_DEPLOYMENT_TARGET = 16.1;
				MTL_ENABLE_DEBUG_INFO = NO;
				MTL_FAST_MATH = YES;
				SDKROOT = iphoneos;
				SWIFT_COMPILATION_MODE = wholemodule;
				SWIFT_OPTIMIZATION_LEVEL = "-O";
				VALIDATE_PRODUCT = YES;
			};
			name = Release;
		};
		4A62A326293A4D8900A9991A /* Debug */ = {
			isa = XCBuildConfiguration;
			buildSettings = {
				ASSETCATALOG_COMPILER_APPICON_NAME = AppIcon;
				ASSETCATALOG_COMPILER_GLOBAL_ACCENT_COLOR_NAME = AccentColor;
				CODE_SIGN_STYLE = Automatic;
				CURRENT_PROJECT_VERSION = 1;
				DEVELOPMENT_TEAM = HQM8P57BR5;
				GENERATE_INFOPLIST_FILE = YES;
				INFOPLIST_FILE = "API Project/Info.plist";
				INFOPLIST_KEY_UIApplicationSupportsIndirectInputEvents = YES;
				INFOPLIST_KEY_UILaunchStoryboardName = LaunchScreen;
				INFOPLIST_KEY_UIMainStoryboardFile = Main;
				INFOPLIST_KEY_UISupportedInterfaceOrientations_iPad = "UIInterfaceOrientationPortrait UIInterfaceOrientationPortraitUpsideDown UIInterfaceOrientationLandscapeLeft UIInterfaceOrientationLandscapeRight";
				INFOPLIST_KEY_UISupportedInterfaceOrientations_iPhone = "UIInterfaceOrientationPortrait UIInterfaceOrientationLandscapeLeft UIInterfaceOrientationLandscapeRight";
				LD_RUNPATH_SEARCH_PATHS = (
					"$(inherited)",
					"@executable_path/Frameworks",
				);
				MARKETING_VERSION = 1.0;
				PRODUCT_BUNDLE_IDENTIFIER = "mtec.API-Project";
				PRODUCT_NAME = "$(TARGET_NAME)";
				SWIFT_EMIT_LOC_STRINGS = YES;
				SWIFT_VERSION = 5.0;
				TARGETED_DEVICE_FAMILY = "1,2";
			};
			name = Debug;
		};
		4A62A327293A4D8900A9991A /* Release */ = {
			isa = XCBuildConfiguration;
			buildSettings = {
				ASSETCATALOG_COMPILER_APPICON_NAME = AppIcon;
				ASSETCATALOG_COMPILER_GLOBAL_ACCENT_COLOR_NAME = AccentColor;
				CODE_SIGN_STYLE = Automatic;
				CURRENT_PROJECT_VERSION = 1;
				DEVELOPMENT_TEAM = HQM8P57BR5;
				GENERATE_INFOPLIST_FILE = YES;
				INFOPLIST_FILE = "API Project/Info.plist";
				INFOPLIST_KEY_UIApplicationSupportsIndirectInputEvents = YES;
				INFOPLIST_KEY_UILaunchStoryboardName = LaunchScreen;
				INFOPLIST_KEY_UIMainStoryboardFile = Main;
				INFOPLIST_KEY_UISupportedInterfaceOrientations_iPad = "UIInterfaceOrientationPortrait UIInterfaceOrientationPortraitUpsideDown UIInterfaceOrientationLandscapeLeft UIInterfaceOrientationLandscapeRight";
				INFOPLIST_KEY_UISupportedInterfaceOrientations_iPhone = "UIInterfaceOrientationPortrait UIInterfaceOrientationLandscapeLeft UIInterfaceOrientationLandscapeRight";
				LD_RUNPATH_SEARCH_PATHS = (
					"$(inherited)",
					"@executable_path/Frameworks",
				);
				MARKETING_VERSION = 1.0;
				PRODUCT_BUNDLE_IDENTIFIER = "mtec.API-Project";
				PRODUCT_NAME = "$(TARGET_NAME)";
				SWIFT_EMIT_LOC_STRINGS = YES;
				SWIFT_VERSION = 5.0;
				TARGETED_DEVICE_FAMILY = "1,2";
			};
			name = Release;
		};
/* End XCBuildConfiguration section */

/* Begin XCConfigurationList section */
		4A62A30C293A4D8800A9991A /* Build configuration list for PBXProject "API Project" */ = {
			isa = XCConfigurationList;
			buildConfigurations = (
				4A62A323293A4D8900A9991A /* Debug */,
				4A62A324293A4D8900A9991A /* Release */,
			);
			defaultConfigurationIsVisible = 0;
			defaultConfigurationName = Release;
		};
		4A62A325293A4D8900A9991A /* Build configuration list for PBXNativeTarget "API Project" */ = {
			isa = XCConfigurationList;
			buildConfigurations = (
				4A62A326293A4D8900A9991A /* Debug */,
				4A62A327293A4D8900A9991A /* Release */,
			);
			defaultConfigurationIsVisible = 0;
			defaultConfigurationName = Release;
		};
/* End XCConfigurationList section */
	};
	rootObject = 4A62A309293A4D8800A9991A /* Project object */;
}
