// !$*UTF8*$!
{
	archiveVersion = 1;
	classes = {
	};
	objectVersion = 56;
	objects = {

/* Begin PBXBuildFile section */
		4ABB6413297AE0E600677417 /* AppDelegate.swift in Sources */ = {isa = PBXBuildFile; fileRef = 4ABB6412297AE0E600677417 /* AppDelegate.swift */; };
		4ABB6415297AE0E700677417 /* SceneDelegate.swift in Sources */ = {isa = PBXBuildFile; fileRef = 4ABB6414297AE0E700677417 /* SceneDelegate.swift */; };
		4ABB641A297AE0E700677417 /* Main.storyboard in Resources */ = {isa = PBXBuildFile; fileRef = 4ABB6418297AE0E700677417 /* Main.storyboard */; };
		4ABB641C297AE0E800677417 /* Assets.xcassets in Resources */ = {isa = PBXBuildFile; fileRef = 4ABB641B297AE0E800677417 /* Assets.xcassets */; };
		4ABB641F297AE0E800677417 /* LaunchScreen.storyboard in Resources */ = {isa = PBXBuildFile; fileRef = 4ABB641D297AE0E800677417 /* LaunchScreen.storyboard */; };
		4ABB6427297AF65A00677417 /* SearchTableViewController.swift in Sources */ = {isa = PBXBuildFile; fileRef = 4ABB6426297AF65A00677417 /* SearchTableViewController.swift */; };
		4ABB6429297AF68A00677417 /* LifeForm.swift in Sources */ = {isa = PBXBuildFile; fileRef = 4ABB6428297AF68A00677417 /* LifeForm.swift */; };
		4ABB642B297AF86D00677417 /* LifeFormTableViewCell.swift in Sources */ = {isa = PBXBuildFile; fileRef = 4ABB642A297AF86D00677417 /* LifeFormTableViewCell.swift */; };
		4AFF5D512989765D00A15504 /* InformationViewController.swift in Sources */ = {isa = PBXBuildFile; fileRef = 4AFF5D502989765D00A15504 /* InformationViewController.swift */; };
/* End PBXBuildFile section */

/* Begin PBXFileReference section */
		4ABB640F297AE0E600677417 /* Life-FormSearch.app */ = {isa = PBXFileReference; explicitFileType = wrapper.application; includeInIndex = 0; path = "Life-FormSearch.app"; sourceTree = BUILT_PRODUCTS_DIR; };
		4ABB6412297AE0E600677417 /* AppDelegate.swift */ = {isa = PBXFileReference; lastKnownFileType = sourcecode.swift; path = AppDelegate.swift; sourceTree = "<group>"; };
		4ABB6414297AE0E700677417 /* SceneDelegate.swift */ = {isa = PBXFileReference; lastKnownFileType = sourcecode.swift; path = SceneDelegate.swift; sourceTree = "<group>"; };
		4ABB6419297AE0E700677417 /* Base */ = {isa = PBXFileReference; lastKnownFileType = file.storyboard; name = Base; path = Base.lproj/Main.storyboard; sourceTree = "<group>"; };
		4ABB641B297AE0E800677417 /* Assets.xcassets */ = {isa = PBXFileReference; lastKnownFileType = folder.assetcatalog; path = Assets.xcassets; sourceTree = "<group>"; };
		4ABB641E297AE0E800677417 /* Base */ = {isa = PBXFileReference; lastKnownFileType = file.storyboard; name = Base; path = Base.lproj/LaunchScreen.storyboard; sourceTree = "<group>"; };
		4ABB6420297AE0E800677417 /* Info.plist */ = {isa = PBXFileReference; lastKnownFileType = text.plist.xml; path = Info.plist; sourceTree = "<group>"; };
		4ABB6426297AF65A00677417 /* SearchTableViewController.swift */ = {isa = PBXFileReference; lastKnownFileType = sourcecode.swift; path = SearchTableViewController.swift; sourceTree = "<group>"; };
		4ABB6428297AF68A00677417 /* LifeForm.swift */ = {isa = PBXFileReference; lastKnownFileType = sourcecode.swift; path = LifeForm.swift; sourceTree = "<group>"; };
		4ABB642A297AF86D00677417 /* LifeFormTableViewCell.swift */ = {isa = PBXFileReference; lastKnownFileType = sourcecode.swift; path = LifeFormTableViewCell.swift; sourceTree = "<group>"; };
		4AFF5D502989765D00A15504 /* InformationViewController.swift */ = {isa = PBXFileReference; lastKnownFileType = sourcecode.swift; path = InformationViewController.swift; sourceTree = "<group>"; };
/* End PBXFileReference section */

/* Begin PBXFrameworksBuildPhase section */
		4ABB640C297AE0E600677417 /* Frameworks */ = {
			isa = PBXFrameworksBuildPhase;
			buildActionMask = 2147483647;
			files = (
			);
			runOnlyForDeploymentPostprocessing = 0;
		};
/* End PBXFrameworksBuildPhase section */

/* Begin PBXGroup section */
		4ABB6406297AE0E600677417 = {
			isa = PBXGroup;
			children = (
				4ABB6411297AE0E600677417 /* Life-FormSearch */,
				4ABB6410297AE0E600677417 /* Products */,
			);
			sourceTree = "<group>";
		};
		4ABB6410297AE0E600677417 /* Products */ = {
			isa = PBXGroup;
			children = (
				4ABB640F297AE0E600677417 /* Life-FormSearch.app */,
			);
			name = Products;
			sourceTree = "<group>";
		};
		4ABB6411297AE0E600677417 /* Life-FormSearch */ = {
			isa = PBXGroup;
			children = (
				4ABB6412297AE0E600677417 /* AppDelegate.swift */,
				4ABB6414297AE0E700677417 /* SceneDelegate.swift */,
				4ABB6418297AE0E700677417 /* Main.storyboard */,
				4AFF5D502989765D00A15504 /* InformationViewController.swift */,
				4ABB642A297AF86D00677417 /* LifeFormTableViewCell.swift */,
				4ABB6428297AF68A00677417 /* LifeForm.swift */,
				4ABB6426297AF65A00677417 /* SearchTableViewController.swift */,
				4ABB641B297AE0E800677417 /* Assets.xcassets */,
				4ABB641D297AE0E800677417 /* LaunchScreen.storyboard */,
				4ABB6420297AE0E800677417 /* Info.plist */,
			);
			path = "Life-FormSearch";
			sourceTree = "<group>";
		};
/* End PBXGroup section */

/* Begin PBXNativeTarget section */
		4ABB640E297AE0E600677417 /* Life-FormSearch */ = {
			isa = PBXNativeTarget;
			buildConfigurationList = 4ABB6423297AE0E800677417 /* Build configuration list for PBXNativeTarget "Life-FormSearch" */;
			buildPhases = (
				4ABB640B297AE0E600677417 /* Sources */,
				4ABB640C297AE0E600677417 /* Frameworks */,
				4ABB640D297AE0E600677417 /* Resources */,
			);
			buildRules = (
			);
			dependencies = (
			);
			name = "Life-FormSearch";
			productName = "Life-FormSearch";
			productReference = 4ABB640F297AE0E600677417 /* Life-FormSearch.app */;
			productType = "com.apple.product-type.application";
		};
/* End PBXNativeTarget section */

/* Begin PBXProject section */
		4ABB6407297AE0E600677417 /* Project object */ = {
			isa = PBXProject;
			attributes = {
				BuildIndependentTargetsInParallel = 1;
				LastSwiftUpdateCheck = 1420;
				LastUpgradeCheck = 1420;
				TargetAttributes = {
					4ABB640E297AE0E600677417 = {
						CreatedOnToolsVersion = 14.2;
					};
				};
			};
			buildConfigurationList = 4ABB640A297AE0E600677417 /* Build configuration list for PBXProject "Life-FormSearch" */;
			compatibilityVersion = "Xcode 14.0";
			developmentRegion = en;
			hasScannedForEncodings = 0;
			knownRegions = (
				en,
				Base,
			);
			mainGroup = 4ABB6406297AE0E600677417;
			productRefGroup = 4ABB6410297AE0E600677417 /* Products */;
			projectDirPath = "";
			projectRoot = "";
			targets = (
				4ABB640E297AE0E600677417 /* Life-FormSearch */,
			);
		};
/* End PBXProject section */

/* Begin PBXResourcesBuildPhase section */
		4ABB640D297AE0E600677417 /* Resources */ = {
			isa = PBXResourcesBuildPhase;
			buildActionMask = 2147483647;
			files = (
				4ABB641F297AE0E800677417 /* LaunchScreen.storyboard in Resources */,
				4ABB641C297AE0E800677417 /* Assets.xcassets in Resources */,
				4ABB641A297AE0E700677417 /* Main.storyboard in Resources */,
			);
			runOnlyForDeploymentPostprocessing = 0;
		};
/* End PBXResourcesBuildPhase section */

/* Begin PBXSourcesBuildPhase section */
		4ABB640B297AE0E600677417 /* Sources */ = {
			isa = PBXSourcesBuildPhase;
			buildActionMask = 2147483647;
			files = (
				4ABB6413297AE0E600677417 /* AppDelegate.swift in Sources */,
				4ABB642B297AF86D00677417 /* LifeFormTableViewCell.swift in Sources */,
				4ABB6429297AF68A00677417 /* LifeForm.swift in Sources */,
				4ABB6427297AF65A00677417 /* SearchTableViewController.swift in Sources */,
				4ABB6415297AE0E700677417 /* SceneDelegate.swift in Sources */,
				4AFF5D512989765D00A15504 /* InformationViewController.swift in Sources */,
			);
			runOnlyForDeploymentPostprocessing = 0;
		};
/* End PBXSourcesBuildPhase section */

/* Begin PBXVariantGroup section */
		4ABB6418297AE0E700677417 /* Main.storyboard */ = {
			isa = PBXVariantGroup;
			children = (
				4ABB6419297AE0E700677417 /* Base */,
			);
			name = Main.storyboard;
			sourceTree = "<group>";
		};
		4ABB641D297AE0E800677417 /* LaunchScreen.storyboard */ = {
			isa = PBXVariantGroup;
			children = (
				4ABB641E297AE0E800677417 /* Base */,
			);
			name = LaunchScreen.storyboard;
			sourceTree = "<group>";
		};
/* End PBXVariantGroup section */

/* Begin XCBuildConfiguration section */
		4ABB6421297AE0E800677417 /* Debug */ = {
			isa = XCBuildConfiguration;
			buildSettings = {
				ALWAYS_SEARCH_USER_PATHS = NO;
				CLANG_ANALYZER_NONNULL = YES;
				CLANG_ANALYZER_NUMBER_OBJECT_CONVERSION = YES_AGGRESSIVE;
				CLANG_CXX_LANGUAGE_STANDARD = "gnu++20";
				CLANG_ENABLE_MODULES = YES;
				CLANG_ENABLE_OBJC_ARC = YES;
				CLANG_ENABLE_OBJC_WEAK = YES;
				CLANG_WARN_BLOCK_CAPTURE_AUTORELEASING = YES;
				CLANG_WARN_BOOL_CONVERSION = YES;
				CLANG_WARN_COMMA = YES;
				CLANG_WARN_CONSTANT_CONVERSION = YES;
				CLANG_WARN_DEPRECATED_OBJC_IMPLEMENTATIONS = YES;
				CLANG_WARN_DIRECT_OBJC_ISA_USAGE = YES_ERROR;
				CLANG_WARN_DOCUMENTATION_COMMENTS = YES;
				CLANG_WARN_EMPTY_BODY = YES;
				CLANG_WARN_ENUM_CONVERSION = YES;
				CLANG_WARN_INFINITE_RECURSION = YES;
				CLANG_WARN_INT_CONVERSION = YES;
				CLANG_WARN_NON_LITERAL_NULL_CONVERSION = YES;
				CLANG_WARN_OBJC_IMPLICIT_RETAIN_SELF = YES;
				CLANG_WARN_OBJC_LITERAL_CONVERSION = YES;
				CLANG_WARN_OBJC_ROOT_CLASS = YES_ERROR;
				CLANG_WARN_QUOTED_INCLUDE_IN_FRAMEWORK_HEADER = YES;
				CLANG_WARN_RANGE_LOOP_ANALYSIS = YES;
				CLANG_WARN_STRICT_PROTOTYPES = YES;
				CLANG_WARN_SUSPICIOUS_MOVE = YES;
				CLANG_WARN_UNGUARDED_AVAILABILITY = YES_AGGRESSIVE;
				CLANG_WARN_UNREACHABLE_CODE = YES;
				CLANG_WARN__DUPLICATE_METHOD_MATCH = YES;
				COPY_PHASE_STRIP = NO;
				DEBUG_INFORMATION_FORMAT = dwarf;
				ENABLE_STRICT_OBJC_MSGSEND = YES;
				ENABLE_TESTABILITY = YES;
				GCC_C_LANGUAGE_STANDARD = gnu11;
				GCC_DYNAMIC_NO_PIC = NO;
				GCC_NO_COMMON_BLOCKS = YES;
				GCC_OPTIMIZATION_LEVEL = 0;
				GCC_PREPROCESSOR_DEFINITIONS = (
					"DEBUG=1",
					"$(inherited)",
				);
				GCC_WARN_64_TO_32_BIT_CONVERSION = YES;
				GCC_WARN_ABOUT_RETURN_TYPE = YES_ERROR;
				GCC_WARN_UNDECLARED_SELECTOR = YES;
				GCC_WARN_UNINITIALIZED_AUTOS = YES_AGGRESSIVE;
				GCC_WARN_UNUSED_FUNCTION = YES;
				GCC_WARN_UNUSED_VARIABLE = YES;
				IPHONEOS_DEPLOYMENT_TARGET = 16.2;
				MTL_ENABLE_DEBUG_INFO = INCLUDE_SOURCE;
				MTL_FAST_MATH = YES;
				ONLY_ACTIVE_ARCH = YES;
				SDKROOT = iphoneos;
				SWIFT_ACTIVE_COMPILATION_CONDITIONS = DEBUG;
				SWIFT_OPTIMIZATION_LEVEL = "-Onone";
			};
			name = Debug;
		};
		4ABB6422297AE0E800677417 /* Release */ = {
			isa = XCBuildConfiguration;
			buildSettings = {
				ALWAYS_SEARCH_USER_PATHS = NO;
				CLANG_ANALYZER_NONNULL = YES;
				CLANG_ANALYZER_NUMBER_OBJECT_CONVERSION = YES_AGGRESSIVE;
				CLANG_CXX_LANGUAGE_STANDARD = "gnu++20";
				CLANG_ENABLE_MODULES = YES;
				CLANG_ENABLE_OBJC_ARC = YES;
				CLANG_ENABLE_OBJC_WEAK = YES;
				CLANG_WARN_BLOCK_CAPTURE_AUTORELEASING = YES;
				CLANG_WARN_BOOL_CONVERSION = YES;
				CLANG_WARN_COMMA = YES;
				CLANG_WARN_CONSTANT_CONVERSION = YES;
				CLANG_WARN_DEPRECATED_OBJC_IMPLEMENTATIONS = YES;
				CLANG_WARN_DIRECT_OBJC_ISA_USAGE = YES_ERROR;
				CLANG_WARN_DOCUMENTATION_COMMENTS = YES;
				CLANG_WARN_EMPTY_BODY = YES;
				CLANG_WARN_ENUM_CONVERSION = YES;
				CLANG_WARN_INFINITE_RECURSION = YES;
				CLANG_WARN_INT_CONVERSION = YES;
				CLANG_WARN_NON_LITERAL_NULL_CONVERSION = YES;
				CLANG_WARN_OBJC_IMPLICIT_RETAIN_SELF = YES;
				CLANG_WARN_OBJC_LITERAL_CONVERSION = YES;
				CLANG_WARN_OBJC_ROOT_CLASS = YES_ERROR;
				CLANG_WARN_QUOTED_INCLUDE_IN_FRAMEWORK_HEADER = YES;
				CLANG_WARN_RANGE_LOOP_ANALYSIS = YES;
				CLANG_WARN_STRICT_PROTOTYPES = YES;
				CLANG_WARN_SUSPICIOUS_MOVE = YES;
				CLANG_WARN_UNGUARDED_AVAILABILITY = YES_AGGRESSIVE;
				CLANG_WARN_UNREACHABLE_CODE = YES;
				CLANG_WARN__DUPLICATE_METHOD_MATCH = YES;
				COPY_PHASE_STRIP = NO;
				DEBUG_INFORMATION_FORMAT = "dwarf-with-dsym";
				ENABLE_NS_ASSERTIONS = NO;
				ENABLE_STRICT_OBJC_MSGSEND = YES;
				GCC_C_LANGUAGE_STANDARD = gnu11;
				GCC_NO_COMMON_BLOCKS = YES;
				GCC_WARN_64_TO_32_BIT_CONVERSION = YES;
				GCC_WARN_ABOUT_RETURN_TYPE = YES_ERROR;
				GCC_WARN_UNDECLARED_SELECTOR = YES;
				GCC_WARN_UNINITIALIZED_AUTOS = YES_AGGRESSIVE;
				GCC_WARN_UNUSED_FUNCTION = YES;
				GCC_WARN_UNUSED_VARIABLE = YES;
				IPHONEOS_DEPLOYMENT_TARGET = 16.2;
				MTL_ENABLE_DEBUG_INFO = NO;
				MTL_FAST_MATH = YES;
				SDKROOT = iphoneos;
				SWIFT_COMPILATION_MODE = wholemodule;
				SWIFT_OPTIMIZATION_LEVEL = "-O";
				VALIDATE_PRODUCT = YES;
			};
			name = Release;
		};
		4ABB6424297AE0E800677417 /* Debug */ = {
			isa = XCBuildConfiguration;
			buildSettings = {
				ASSETCATALOG_COMPILER_APPICON_NAME = AppIcon;
				ASSETCATALOG_COMPILER_GLOBAL_ACCENT_COLOR_NAME = AccentColor;
				CODE_SIGN_STYLE = Automatic;
				CURRENT_PROJECT_VERSION = 1;
				DEVELOPMENT_TEAM = HQM8P57BR5;
				GENERATE_INFOPLIST_FILE = YES;
				INFOPLIST_FILE = "Life-FormSearch/Info.plist";
				INFOPLIST_KEY_UIApplicationSupportsIndirectInputEvents = YES;
				INFOPLIST_KEY_UILaunchStoryboardName = LaunchScreen;
				INFOPLIST_KEY_UIMainStoryboardFile = Main;
				INFOPLIST_KEY_UISupportedInterfaceOrientations_iPad = "UIInterfaceOrientationPortrait UIInterfaceOrientationPortraitUpsideDown UIInterfaceOrientationLandscapeLeft UIInterfaceOrientationLandscapeRight";
				INFOPLIST_KEY_UISupportedInterfaceOrientations_iPhone = "UIInterfaceOrientationPortrait UIInterfaceOrientationLandscapeLeft UIInterfaceOrientationLandscapeRight";
				LD_RUNPATH_SEARCH_PATHS = (
					"$(inherited)",
					"@executable_path/Frameworks",
				);
				MARKETING_VERSION = 1.0;
				PRODUCT_BUNDLE_IDENTIFIER = "mtec.Life-FormSearch";
				PRODUCT_NAME = "$(TARGET_NAME)";
				SWIFT_EMIT_LOC_STRINGS = YES;
				SWIFT_VERSION = 5.0;
				TARGETED_DEVICE_FAMILY = "1,2";
			};
			name = Debug;
		};
		4ABB6425297AE0E800677417 /* Release */ = {
			isa = XCBuildConfiguration;
			buildSettings = {
				ASSETCATALOG_COMPILER_APPICON_NAME = AppIcon;
				ASSETCATALOG_COMPILER_GLOBAL_ACCENT_COLOR_NAME = AccentColor;
				CODE_SIGN_STYLE = Automatic;
				CURRENT_PROJECT_VERSION = 1;
				DEVELOPMENT_TEAM = HQM8P57BR5;
				GENERATE_INFOPLIST_FILE = YES;
				INFOPLIST_FILE = "Life-FormSearch/Info.plist";
				INFOPLIST_KEY_UIApplicationSupportsIndirectInputEvents = YES;
				INFOPLIST_KEY_UILaunchStoryboardName = LaunchScreen;
				INFOPLIST_KEY_UIMainStoryboardFile = Main;
				INFOPLIST_KEY_UISupportedInterfaceOrientations_iPad = "UIInterfaceOrientationPortrait UIInterfaceOrientationPortraitUpsideDown UIInterfaceOrientationLandscapeLeft UIInterfaceOrientationLandscapeRight";
				INFOPLIST_KEY_UISupportedInterfaceOrientations_iPhone = "UIInterfaceOrientationPortrait UIInterfaceOrientationLandscapeLeft UIInterfaceOrientationLandscapeRight";
				LD_RUNPATH_SEARCH_PATHS = (
					"$(inherited)",
					"@executable_path/Frameworks",
				);
				MARKETING_VERSION = 1.0;
				PRODUCT_BUNDLE_IDENTIFIER = "mtec.Life-FormSearch";
				PRODUCT_NAME = "$(TARGET_NAME)";
				SWIFT_EMIT_LOC_STRINGS = YES;
				SWIFT_VERSION = 5.0;
				TARGETED_DEVICE_FAMILY = "1,2";
			};
			name = Release;
		};
/* End XCBuildConfiguration section */

/* Begin XCConfigurationList section */
		4ABB640A297AE0E600677417 /* Build configuration list for PBXProject "Life-FormSearch" */ = {
			isa = XCConfigurationList;
			buildConfigurations = (
				4ABB6421297AE0E800677417 /* Debug */,
				4ABB6422297AE0E800677417 /* Release */,
			);
			defaultConfigurationIsVisible = 0;
			defaultConfigurationName = Release;
		};
		4ABB6423297AE0E800677417 /* Build configuration list for PBXNativeTarget "Life-FormSearch" */ = {
			isa = XCConfigurationList;
			buildConfigurations = (
				4ABB6424297AE0E800677417 /* Debug */,
				4ABB6425297AE0E800677417 /* Release */,
			);
			defaultConfigurationIsVisible = 0;
			defaultConfigurationName = Release;
		};
/* End XCConfigurationList section */
	};
	rootObject = 4ABB6407297AE0E600677417 /* Project object */;
}
