// !$*UTF8*$!
{
	archiveVersion = 1;
	classes = {
	};
	objectVersion = 56;
	objects = {

/* Begin PBXBuildFile section */
		4A01CDBB2954A83600B1D438 /* Restoration.swift in Sources */ = {isa = PBXBuildFile; fileRef = 4A01CDBA2954A83600B1D438 /* Restoration.swift */; };
		4A43365A295208A400179652 /* AppDelegate.swift in Sources */ = {isa = PBXBuildFile; fileRef = 4A433659295208A400179652 /* AppDelegate.swift */; };
		4A43365C295208A400179652 /* SceneDelegate.swift in Sources */ = {isa = PBXBuildFile; fileRef = 4A43365B295208A400179652 /* SceneDelegate.swift */; };
		4A433661295208A400179652 /* Main.storyboard in Resources */ = {isa = PBXBuildFile; fileRef = 4A43365F295208A400179652 /* Main.storyboard */; };
		4A433664295208A400179652 /* OrderApp.xcdatamodeld in Sources */ = {isa = PBXBuildFile; fileRef = 4A433662295208A400179652 /* OrderApp.xcdatamodeld */; };
		4A433666295208A500179652 /* Assets.xcassets in Resources */ = {isa = PBXBuildFile; fileRef = 4A433665295208A500179652 /* Assets.xcassets */; };
		4A433669295208A500179652 /* LaunchScreen.storyboard in Resources */ = {isa = PBXBuildFile; fileRef = 4A433667295208A500179652 /* LaunchScreen.storyboard */; };
		4A43367129520C3900179652 /* CategoryTableViewController.swift in Sources */ = {isa = PBXBuildFile; fileRef = 4A43367029520C3900179652 /* CategoryTableViewController.swift */; };
		4A43367329520C5500179652 /* MenuTableViewController.swift in Sources */ = {isa = PBXBuildFile; fileRef = 4A43367229520C5500179652 /* MenuTableViewController.swift */; };
		4A43367529520C6400179652 /* OrderTableViewController.swift in Sources */ = {isa = PBXBuildFile; fileRef = 4A43367429520C6400179652 /* OrderTableViewController.swift */; };
		4A43367729520DA700179652 /* MenuItemDetailViewController.swift in Sources */ = {isa = PBXBuildFile; fileRef = 4A43367629520DA700179652 /* MenuItemDetailViewController.swift */; };
		4A43367929520E1100179652 /* MenuItem.swift in Sources */ = {isa = PBXBuildFile; fileRef = 4A43367829520E1100179652 /* MenuItem.swift */; };
		4A43367B29520E7B00179652 /* ResponseModels.swift in Sources */ = {isa = PBXBuildFile; fileRef = 4A43367A29520E7B00179652 /* ResponseModels.swift */; };
		4A43367D29520FA000179652 /* Order.swift in Sources */ = {isa = PBXBuildFile; fileRef = 4A43367C29520FA000179652 /* Order.swift */; };
		4A43367F29520FE000179652 /* MenuController.swift in Sources */ = {isa = PBXBuildFile; fileRef = 4A43367E29520FE000179652 /* MenuController.swift */; };
		4A433681295368A700179652 /* OrderConfirmationViewController.swift in Sources */ = {isa = PBXBuildFile; fileRef = 4A433680295368A700179652 /* OrderConfirmationViewController.swift */; };
		4A43368329537C2500179652 /* MenuItemCell.swift in Sources */ = {isa = PBXBuildFile; fileRef = 4A43368229537C2500179652 /* MenuItemCell.swift */; };
/* End PBXBuildFile section */

/* Begin PBXFileReference section */
		4A01CDBA2954A83600B1D438 /* Restoration.swift */ = {isa = PBXFileReference; lastKnownFileType = sourcecode.swift; path = Restoration.swift; sourceTree = "<group>"; };
		4A433656295208A400179652 /* OrderApp.app */ = {isa = PBXFileReference; explicitFileType = wrapper.application; includeInIndex = 0; path = OrderApp.app; sourceTree = BUILT_PRODUCTS_DIR; };
		4A433659295208A400179652 /* AppDelegate.swift */ = {isa = PBXFileReference; lastKnownFileType = sourcecode.swift; path = AppDelegate.swift; sourceTree = "<group>"; };
		4A43365B295208A400179652 /* SceneDelegate.swift */ = {isa = PBXFileReference; lastKnownFileType = sourcecode.swift; path = SceneDelegate.swift; sourceTree = "<group>"; };
		4A433660295208A400179652 /* Base */ = {isa = PBXFileReference; lastKnownFileType = file.storyboard; name = Base; path = Base.lproj/Main.storyboard; sourceTree = "<group>"; };
		4A433663295208A400179652 /* OrderApp.xcdatamodel */ = {isa = PBXFileReference; lastKnownFileType = wrapper.xcdatamodel; path = OrderApp.xcdatamodel; sourceTree = "<group>"; };
		4A433665295208A500179652 /* Assets.xcassets */ = {isa = PBXFileReference; lastKnownFileType = folder.assetcatalog; path = Assets.xcassets; sourceTree = "<group>"; };
		4A433668295208A500179652 /* Base */ = {isa = PBXFileReference; lastKnownFileType = file.storyboard; name = Base; path = Base.lproj/LaunchScreen.storyboard; sourceTree = "<group>"; };
		4A43366A295208A500179652 /* Info.plist */ = {isa = PBXFileReference; lastKnownFileType = text.plist.xml; path = Info.plist; sourceTree = "<group>"; };
		4A43367029520C3900179652 /* CategoryTableViewController.swift */ = {isa = PBXFileReference; lastKnownFileType = sourcecode.swift; path = CategoryTableViewController.swift; sourceTree = "<group>"; };
		4A43367229520C5500179652 /* MenuTableViewController.swift */ = {isa = PBXFileReference; lastKnownFileType = sourcecode.swift; path = MenuTableViewController.swift; sourceTree = "<group>"; };
		4A43367429520C6400179652 /* OrderTableViewController.swift */ = {isa = PBXFileReference; lastKnownFileType = sourcecode.swift; path = OrderTableViewController.swift; sourceTree = "<group>"; };
		4A43367629520DA700179652 /* MenuItemDetailViewController.swift */ = {isa = PBXFileReference; lastKnownFileType = sourcecode.swift; path = MenuItemDetailViewController.swift; sourceTree = "<group>"; };
		4A43367829520E1100179652 /* MenuItem.swift */ = {isa = PBXFileReference; lastKnownFileType = sourcecode.swift; path = MenuItem.swift; sourceTree = "<group>"; };
		4A43367A29520E7B00179652 /* ResponseModels.swift */ = {isa = PBXFileReference; lastKnownFileType = sourcecode.swift; path = ResponseModels.swift; sourceTree = "<group>"; };
		4A43367C29520FA000179652 /* Order.swift */ = {isa = PBXFileReference; lastKnownFileType = sourcecode.swift; path = Order.swift; sourceTree = "<group>"; };
		4A43367E29520FE000179652 /* MenuController.swift */ = {isa = PBXFileReference; lastKnownFileType = sourcecode.swift; path = MenuController.swift; sourceTree = "<group>"; };
		4A433680295368A700179652 /* OrderConfirmationViewController.swift */ = {isa = PBXFileReference; lastKnownFileType = sourcecode.swift; path = OrderConfirmationViewController.swift; sourceTree = "<group>"; };
		4A43368229537C2500179652 /* MenuItemCell.swift */ = {isa = PBXFileReference; lastKnownFileType = sourcecode.swift; path = MenuItemCell.swift; sourceTree = "<group>"; };
/* End PBXFileReference section */

/* Begin PBXFrameworksBuildPhase section */
		4A433653295208A400179652 /* Frameworks */ = {
			isa = PBXFrameworksBuildPhase;
			buildActionMask = 2147483647;
			files = (
			);
			runOnlyForDeploymentPostprocessing = 0;
		};
/* End PBXFrameworksBuildPhase section */

/* Begin PBXGroup section */
		4A43364D295208A400179652 = {
			isa = PBXGroup;
			children = (
				4A433658295208A400179652 /* OrderApp */,
				4A433657295208A400179652 /* Products */,
			);
			sourceTree = "<group>";
		};
		4A433657295208A400179652 /* Products */ = {
			isa = PBXGroup;
			children = (
				4A433656295208A400179652 /* OrderApp.app */,
			);
			name = Products;
			sourceTree = "<group>";
		};
		4A433658295208A400179652 /* OrderApp */ = {
			isa = PBXGroup;
			children = (
				4A433659295208A400179652 /* AppDelegate.swift */,
				4A43368229537C2500179652 /* MenuItemCell.swift */,
				4A43365B295208A400179652 /* SceneDelegate.swift */,
				4A43365F295208A400179652 /* Main.storyboard */,
				4A01CDBA2954A83600B1D438 /* Restoration.swift */,
				4A43367E29520FE000179652 /* MenuController.swift */,
				4A433680295368A700179652 /* OrderConfirmationViewController.swift */,
				4A43367829520E1100179652 /* MenuItem.swift */,
				4A43367A29520E7B00179652 /* ResponseModels.swift */,
				4A43367C29520FA000179652 /* Order.swift */,
				4A43367629520DA700179652 /* MenuItemDetailViewController.swift */,
				4A43367029520C3900179652 /* CategoryTableViewController.swift */,
				4A43367229520C5500179652 /* MenuTableViewController.swift */,
				4A43367429520C6400179652 /* OrderTableViewController.swift */,
				4A433665295208A500179652 /* Assets.xcassets */,
				4A433667295208A500179652 /* LaunchScreen.storyboard */,
				4A43366A295208A500179652 /* Info.plist */,
				4A433662295208A400179652 /* OrderApp.xcdatamodeld */,
			);
			path = OrderApp;
			sourceTree = "<group>";
		};
/* End PBXGroup section */

/* Begin PBXNativeTarget section */
		4A433655295208A400179652 /* OrderApp */ = {
			isa = PBXNativeTarget;
			buildConfigurationList = 4A43366D295208A500179652 /* Build configuration list for PBXNativeTarget "OrderApp" */;
			buildPhases = (
				4A433652295208A400179652 /* Sources */,
				4A433653295208A400179652 /* Frameworks */,
				4A433654295208A400179652 /* Resources */,
			);
			buildRules = (
			);
			dependencies = (
			);
			name = OrderApp;
			productName = OrderApp;
			productReference = 4A433656295208A400179652 /* OrderApp.app */;
			productType = "com.apple.product-type.application";
		};
/* End PBXNativeTarget section */

/* Begin PBXProject section */
		4A43364E295208A400179652 /* Project object */ = {
			isa = PBXProject;
			attributes = {
				BuildIndependentTargetsInParallel = 1;
				LastSwiftUpdateCheck = 1410;
				LastUpgradeCheck = 1410;
				TargetAttributes = {
					4A433655295208A400179652 = {
						CreatedOnToolsVersion = 14.1;
					};
				};
			};
			buildConfigurationList = 4A433651295208A400179652 /* Build configuration list for PBXProject "OrderApp" */;
			compatibilityVersion = "Xcode 14.0";
			developmentRegion = en;
			hasScannedForEncodings = 0;
			knownRegions = (
				en,
				Base,
			);
			mainGroup = 4A43364D295208A400179652;
			productRefGroup = 4A433657295208A400179652 /* Products */;
			projectDirPath = "";
			projectRoot = "";
			targets = (
				4A433655295208A400179652 /* OrderApp */,
			);
		};
/* End PBXProject section */

/* Begin PBXResourcesBuildPhase section */
		4A433654295208A400179652 /* Resources */ = {
			isa = PBXResourcesBuildPhase;
			buildActionMask = 2147483647;
			files = (
				4A433669295208A500179652 /* LaunchScreen.storyboard in Resources */,
				4A433666295208A500179652 /* Assets.xcassets in Resources */,
				4A433661295208A400179652 /* Main.storyboard in Resources */,
			);
			runOnlyForDeploymentPostprocessing = 0;
		};
/* End PBXResourcesBuildPhase section */

/* Begin PBXSourcesBuildPhase section */
		4A433652295208A400179652 /* Sources */ = {
			isa = PBXSourcesBuildPhase;
			buildActionMask = 2147483647;
			files = (
				4A01CDBB2954A83600B1D438 /* Restoration.swift in Sources */,
				4A43365A295208A400179652 /* AppDelegate.swift in Sources */,
				4A433664295208A400179652 /* OrderApp.xcdatamodeld in Sources */,
				4A43367D29520FA000179652 /* Order.swift in Sources */,
				4A43367329520C5500179652 /* MenuTableViewController.swift in Sources */,
				4A43367729520DA700179652 /* MenuItemDetailViewController.swift in Sources */,
				4A43367F29520FE000179652 /* MenuController.swift in Sources */,
				4A43365C295208A400179652 /* SceneDelegate.swift in Sources */,
				4A43368329537C2500179652 /* MenuItemCell.swift in Sources */,
				4A43367B29520E7B00179652 /* ResponseModels.swift in Sources */,
				4A433681295368A700179652 /* OrderConfirmationViewController.swift in Sources */,
				4A43367929520E1100179652 /* MenuItem.swift in Sources */,
				4A43367529520C6400179652 /* OrderTableViewController.swift in Sources */,
				4A43367129520C3900179652 /* CategoryTableViewController.swift in Sources */,
			);
			runOnlyForDeploymentPostprocessing = 0;
		};
/* End PBXSourcesBuildPhase section */

/* Begin PBXVariantGroup section */
		4A43365F295208A400179652 /* Main.storyboard */ = {
			isa = PBXVariantGroup;
			children = (
				4A433660295208A400179652 /* Base */,
			);
			name = Main.storyboard;
			sourceTree = "<group>";
		};
		4A433667295208A500179652 /* LaunchScreen.storyboard */ = {
			isa = PBXVariantGroup;
			children = (
				4A433668295208A500179652 /* Base */,
			);
			name = LaunchScreen.storyboard;
			sourceTree = "<group>";
		};
/* End PBXVariantGroup section */

/* Begin XCBuildConfiguration section */
		4A43366B295208A500179652 /* Debug */ = {
			isa = XCBuildConfiguration;
			buildSettings = {
				ALWAYS_SEARCH_USER_PATHS = NO;
				CLANG_ANALYZER_NONNULL = YES;
				CLANG_ANALYZER_NUMBER_OBJECT_CONVERSION = YES_AGGRESSIVE;
				CLANG_CXX_LANGUAGE_STANDARD = "gnu++20";
				CLANG_ENABLE_MODULES = YES;
				CLANG_ENABLE_OBJC_ARC = YES;
				CLANG_ENABLE_OBJC_WEAK = YES;
				CLANG_WARN_BLOCK_CAPTURE_AUTORELEASING = YES;
				CLANG_WARN_BOOL_CONVERSION = YES;
				CLANG_WARN_COMMA = YES;
				CLANG_WARN_CONSTANT_CONVERSION = YES;
				CLANG_WARN_DEPRECATED_OBJC_IMPLEMENTATIONS = YES;
				CLANG_WARN_DIRECT_OBJC_ISA_USAGE = YES_ERROR;
				CLANG_WARN_DOCUMENTATION_COMMENTS = YES;
				CLANG_WARN_EMPTY_BODY = YES;
				CLANG_WARN_ENUM_CONVERSION = YES;
				CLANG_WARN_INFINITE_RECURSION = YES;
				CLANG_WARN_INT_CONVERSION = YES;
				CLANG_WARN_NON_LITERAL_NULL_CONVERSION = YES;
				CLANG_WARN_OBJC_IMPLICIT_RETAIN_SELF = YES;
				CLANG_WARN_OBJC_LITERAL_CONVERSION = YES;
				CLANG_WARN_OBJC_ROOT_CLASS = YES_ERROR;
				CLANG_WARN_QUOTED_INCLUDE_IN_FRAMEWORK_HEADER = YES;
				CLANG_WARN_RANGE_LOOP_ANALYSIS = YES;
				CLANG_WARN_STRICT_PROTOTYPES = YES;
				CLANG_WARN_SUSPICIOUS_MOVE = YES;
				CLANG_WARN_UNGUARDED_AVAILABILITY = YES_AGGRESSIVE;
				CLANG_WARN_UNREACHABLE_CODE = YES;
				CLANG_WARN__DUPLICATE_METHOD_MATCH = YES;
				COPY_PHASE_STRIP = NO;
				DEBUG_INFORMATION_FORMAT = dwarf;
				ENABLE_STRICT_OBJC_MSGSEND = YES;
				ENABLE_TESTABILITY = YES;
				GCC_C_LANGUAGE_STANDARD = gnu11;
				GCC_DYNAMIC_NO_PIC = NO;
				GCC_NO_COMMON_BLOCKS = YES;
				GCC_OPTIMIZATION_LEVEL = 0;
				GCC_PREPROCESSOR_DEFINITIONS = (
					"DEBUG=1",
					"$(inherited)",
				);
				GCC_WARN_64_TO_32_BIT_CONVERSION = YES;
				GCC_WARN_ABOUT_RETURN_TYPE = YES_ERROR;
				GCC_WARN_UNDECLARED_SELECTOR = YES;
				GCC_WARN_UNINITIALIZED_AUTOS = YES_AGGRESSIVE;
				GCC_WARN_UNUSED_FUNCTION = YES;
				GCC_WARN_UNUSED_VARIABLE = YES;
				IPHONEOS_DEPLOYMENT_TARGET = 16.1;
				MTL_ENABLE_DEBUG_INFO = INCLUDE_SOURCE;
				MTL_FAST_MATH = YES;
				ONLY_ACTIVE_ARCH = YES;
				SDKROOT = iphoneos;
				SWIFT_ACTIVE_COMPILATION_CONDITIONS = DEBUG;
				SWIFT_OPTIMIZATION_LEVEL = "-Onone";
			};
			name = Debug;
		};
		4A43366C295208A500179652 /* Release */ = {
			isa = XCBuildConfiguration;
			buildSettings = {
				ALWAYS_SEARCH_USER_PATHS = NO;
				CLANG_ANALYZER_NONNULL = YES;
				CLANG_ANALYZER_NUMBER_OBJECT_CONVERSION = YES_AGGRESSIVE;
				CLANG_CXX_LANGUAGE_STANDARD = "gnu++20";
				CLANG_ENABLE_MODULES = YES;
				CLANG_ENABLE_OBJC_ARC = YES;
				CLANG_ENABLE_OBJC_WEAK = YES;
				CLANG_WARN_BLOCK_CAPTURE_AUTORELEASING = YES;
				CLANG_WARN_BOOL_CONVERSION = YES;
				CLANG_WARN_COMMA = YES;
				CLANG_WARN_CONSTANT_CONVERSION = YES;
				CLANG_WARN_DEPRECATED_OBJC_IMPLEMENTATIONS = YES;
				CLANG_WARN_DIRECT_OBJC_ISA_USAGE = YES_ERROR;
				CLANG_WARN_DOCUMENTATION_COMMENTS = YES;
				CLANG_WARN_EMPTY_BODY = YES;
				CLANG_WARN_ENUM_CONVERSION = YES;
				CLANG_WARN_INFINITE_RECURSION = YES;
				CLANG_WARN_INT_CONVERSION = YES;
				CLANG_WARN_NON_LITERAL_NULL_CONVERSION = YES;
				CLANG_WARN_OBJC_IMPLICIT_RETAIN_SELF = YES;
				CLANG_WARN_OBJC_LITERAL_CONVERSION = YES;
				CLANG_WARN_OBJC_ROOT_CLASS = YES_ERROR;
				CLANG_WARN_QUOTED_INCLUDE_IN_FRAMEWORK_HEADER = YES;
				CLANG_WARN_RANGE_LOOP_ANALYSIS = YES;
				CLANG_WARN_STRICT_PROTOTYPES = YES;
				CLANG_WARN_SUSPICIOUS_MOVE = YES;
				CLANG_WARN_UNGUARDED_AVAILABILITY = YES_AGGRESSIVE;
				CLANG_WARN_UNREACHABLE_CODE = YES;
				CLANG_WARN__DUPLICATE_METHOD_MATCH = YES;
				COPY_PHASE_STRIP = NO;
				DEBUG_INFORMATION_FORMAT = "dwarf-with-dsym";
				ENABLE_NS_ASSERTIONS = NO;
				ENABLE_STRICT_OBJC_MSGSEND = YES;
				GCC_C_LANGUAGE_STANDARD = gnu11;
				GCC_NO_COMMON_BLOCKS = YES;
				GCC_WARN_64_TO_32_BIT_CONVERSION = YES;
				GCC_WARN_ABOUT_RETURN_TYPE = YES_ERROR;
				GCC_WARN_UNDECLARED_SELECTOR = YES;
				GCC_WARN_UNINITIALIZED_AUTOS = YES_AGGRESSIVE;
				GCC_WARN_UNUSED_FUNCTION = YES;
				GCC_WARN_UNUSED_VARIABLE = YES;
				IPHONEOS_DEPLOYMENT_TARGET = 16.1;
				MTL_ENABLE_DEBUG_INFO = NO;
				MTL_FAST_MATH = YES;
				SDKROOT = iphoneos;
				SWIFT_COMPILATION_MODE = wholemodule;
				SWIFT_OPTIMIZATION_LEVEL = "-O";
				VALIDATE_PRODUCT = YES;
			};
			name = Release;
		};
		4A43366E295208A500179652 /* Debug */ = {
			isa = XCBuildConfiguration;
			buildSettings = {
				ASSETCATALOG_COMPILER_APPICON_NAME = AppIcon;
				ASSETCATALOG_COMPILER_GLOBAL_ACCENT_COLOR_NAME = AccentColor;
				CODE_SIGN_STYLE = Automatic;
				CURRENT_PROJECT_VERSION = 1;
				DEVELOPMENT_TEAM = HQM8P57BR5;
				GENERATE_INFOPLIST_FILE = YES;
				INFOPLIST_FILE = OrderApp/Info.plist;
				INFOPLIST_KEY_UIApplicationSupportsIndirectInputEvents = YES;
				INFOPLIST_KEY_UILaunchStoryboardName = LaunchScreen;
				INFOPLIST_KEY_UIMainStoryboardFile = Main;
				INFOPLIST_KEY_UISupportedInterfaceOrientations_iPad = "UIInterfaceOrientationPortrait UIInterfaceOrientationPortraitUpsideDown UIInterfaceOrientationLandscapeLeft UIInterfaceOrientationLandscapeRight";
				INFOPLIST_KEY_UISupportedInterfaceOrientations_iPhone = "UIInterfaceOrientationPortrait UIInterfaceOrientationLandscapeLeft UIInterfaceOrientationLandscapeRight";
				LD_RUNPATH_SEARCH_PATHS = (
					"$(inherited)",
					"@executable_path/Frameworks",
				);
				MARKETING_VERSION = 1.0;
				PRODUCT_BUNDLE_IDENTIFIER = mtec.OrderApp;
				PRODUCT_NAME = "$(TARGET_NAME)";
				SWIFT_EMIT_LOC_STRINGS = YES;
				SWIFT_VERSION = 5.0;
				TARGETED_DEVICE_FAMILY = "1,2";
			};
			name = Debug;
		};
		4A43366F295208A500179652 /* Release */ = {
			isa = XCBuildConfiguration;
			buildSettings = {
				ASSETCATALOG_COMPILER_APPICON_NAME = AppIcon;
				ASSETCATALOG_COMPILER_GLOBAL_ACCENT_COLOR_NAME = AccentColor;
				CODE_SIGN_STYLE = Automatic;
				CURRENT_PROJECT_VERSION = 1;
				DEVELOPMENT_TEAM = HQM8P57BR5;
				GENERATE_INFOPLIST_FILE = YES;
				INFOPLIST_FILE = OrderApp/Info.plist;
				INFOPLIST_KEY_UIApplicationSupportsIndirectInputEvents = YES;
				INFOPLIST_KEY_UILaunchStoryboardName = LaunchScreen;
				INFOPLIST_KEY_UIMainStoryboardFile = Main;
				INFOPLIST_KEY_UISupportedInterfaceOrientations_iPad = "UIInterfaceOrientationPortrait UIInterfaceOrientationPortraitUpsideDown UIInterfaceOrientationLandscapeLeft UIInterfaceOrientationLandscapeRight";
				INFOPLIST_KEY_UISupportedInterfaceOrientations_iPhone = "UIInterfaceOrientationPortrait UIInterfaceOrientationLandscapeLeft UIInterfaceOrientationLandscapeRight";
				LD_RUNPATH_SEARCH_PATHS = (
					"$(inherited)",
					"@executable_path/Frameworks",
				);
				MARKETING_VERSION = 1.0;
				PRODUCT_BUNDLE_IDENTIFIER = mtec.OrderApp;
				PRODUCT_NAME = "$(TARGET_NAME)";
				SWIFT_EMIT_LOC_STRINGS = YES;
				SWIFT_VERSION = 5.0;
				TARGETED_DEVICE_FAMILY = "1,2";
			};
			name = Release;
		};
/* End XCBuildConfiguration section */

/* Begin XCConfigurationList section */
		4A433651295208A400179652 /* Build configuration list for PBXProject "OrderApp" */ = {
			isa = XCConfigurationList;
			buildConfigurations = (
				4A43366B295208A500179652 /* Debug */,
				4A43366C295208A500179652 /* Release */,
			);
			defaultConfigurationIsVisible = 0;
			defaultConfigurationName = Release;
		};
		4A43366D295208A500179652 /* Build configuration list for PBXNativeTarget "OrderApp" */ = {
			isa = XCConfigurationList;
			buildConfigurations = (
				4A43366E295208A500179652 /* Debug */,
				4A43366F295208A500179652 /* Release */,
			);
			defaultConfigurationIsVisible = 0;
			defaultConfigurationName = Release;
		};
/* End XCConfigurationList section */

/* Begin XCVersionGroup section */
		4A433662295208A400179652 /* OrderApp.xcdatamodeld */ = {
			isa = XCVersionGroup;
			children = (
				4A433663295208A400179652 /* OrderApp.xcdatamodel */,
			);
			currentVersion = 4A433663295208A400179652 /* OrderApp.xcdatamodel */;
			path = OrderApp.xcdatamodeld;
			sourceTree = "<group>";
			versionGroupType = wrapper.xcdatamodel;
		};
/* End XCVersionGroup section */
	};
	rootObject = 4A43364E295208A400179652 /* Project object */;
}
