// !$*UTF8*$!
{
	archiveVersion = 1;
	classes = {
	};
	objectVersion = 56;
	objects = {

/* Begin PBXBuildFile section */
		4AC8B5BE29647ACB003E27E1 /* AppDelegate.swift in Sources */ = {isa = PBXBuildFile; fileRef = 4AC8B5BD29647ACB003E27E1 /* AppDelegate.swift */; };
		4AC8B5C029647ACB003E27E1 /* SceneDelegate.swift in Sources */ = {isa = PBXBuildFile; fileRef = 4AC8B5BF29647ACB003E27E1 /* SceneDelegate.swift */; };
		4AC8B5C229647ACB003E27E1 /* ViewController.swift in Sources */ = {isa = PBXBuildFile; fileRef = 4AC8B5C129647ACB003E27E1 /* ViewController.swift */; };
		4AC8B5C529647ACB003E27E1 /* Main.storyboard in Resources */ = {isa = PBXBuildFile; fileRef = 4AC8B5C329647ACB003E27E1 /* Main.storyboard */; };
		4AC8B5C729647ACD003E27E1 /* Assets.xcassets in Resources */ = {isa = PBXBuildFile; fileRef = 4AC8B5C629647ACD003E27E1 /* Assets.xcassets */; };
		4AC8B5CA29647ACD003E27E1 /* LaunchScreen.storyboard in Resources */ = {isa = PBXBuildFile; fileRef = 4AC8B5C829647ACD003E27E1 /* LaunchScreen.storyboard */; };
		4AC8B5D529647ACD003E27E1 /* TempProjectTests.swift in Sources */ = {isa = PBXBuildFile; fileRef = 4AC8B5D429647ACD003E27E1 /* TempProjectTests.swift */; };
		4AC8B5DF29647ACD003E27E1 /* TempProjectUITests.swift in Sources */ = {isa = PBXBuildFile; fileRef = 4AC8B5DE29647ACD003E27E1 /* TempProjectUITests.swift */; };
		4AC8B5E129647ACD003E27E1 /* TempProjectUITestsLaunchTests.swift in Sources */ = {isa = PBXBuildFile; fileRef = 4AC8B5E029647ACD003E27E1 /* TempProjectUITestsLaunchTests.swift */; };
		4AC8B5EF29647C21003E27E1 /* Person.swift in Sources */ = {isa = PBXBuildFile; fileRef = 4AC8B5ED29647BD3003E27E1 /* Person.swift */; };
		4AC8B5F12964825E003E27E1 /* UserTests.swift in Sources */ = {isa = PBXBuildFile; fileRef = 4AC8B5F02964825E003E27E1 /* UserTests.swift */; };
		4AC8B5F429648351003E27E1 /* User.swift in Sources */ = {isa = PBXBuildFile; fileRef = 4AC8B5F229648345003E27E1 /* User.swift */; };
		4AC8B5F729648647003E27E1 /* NumberController.swift in Sources */ = {isa = PBXBuildFile; fileRef = 4AC8B5F52964850B003E27E1 /* NumberController.swift */; };
		4AC8B5F9296487EB003E27E1 /* NumberTests.swift in Sources */ = {isa = PBXBuildFile; fileRef = 4AC8B5F8296487EB003E27E1 /* NumberTests.swift */; };
/* End PBXBuildFile section */

/* Begin PBXContainerItemProxy section */
		4AC8B5D129647ACD003E27E1 /* PBXContainerItemProxy */ = {
			isa = PBXContainerItemProxy;
			containerPortal = 4AC8B5B229647ACB003E27E1 /* Project object */;
			proxyType = 1;
			remoteGlobalIDString = 4AC8B5B929647ACB003E27E1;
			remoteInfo = TempProject;
		};
		4AC8B5DB29647ACD003E27E1 /* PBXContainerItemProxy */ = {
			isa = PBXContainerItemProxy;
			containerPortal = 4AC8B5B229647ACB003E27E1 /* Project object */;
			proxyType = 1;
			remoteGlobalIDString = 4AC8B5B929647ACB003E27E1;
			remoteInfo = TempProject;
		};
/* End PBXContainerItemProxy section */

/* Begin PBXFileReference section */
		4AC8B5BA29647ACB003E27E1 /* TempProject.app */ = {isa = PBXFileReference; explicitFileType = wrapper.application; includeInIndex = 0; path = TempProject.app; sourceTree = BUILT_PRODUCTS_DIR; };
		4AC8B5BD29647ACB003E27E1 /* AppDelegate.swift */ = {isa = PBXFileReference; lastKnownFileType = sourcecode.swift; path = AppDelegate.swift; sourceTree = "<group>"; };
		4AC8B5BF29647ACB003E27E1 /* SceneDelegate.swift */ = {isa = PBXFileReference; lastKnownFileType = sourcecode.swift; path = SceneDelegate.swift; sourceTree = "<group>"; };
		4AC8B5C129647ACB003E27E1 /* ViewController.swift */ = {isa = PBXFileReference; lastKnownFileType = sourcecode.swift; path = ViewController.swift; sourceTree = "<group>"; };
		4AC8B5C429647ACB003E27E1 /* Base */ = {isa = PBXFileReference; lastKnownFileType = file.storyboard; name = Base; path = Base.lproj/Main.storyboard; sourceTree = "<group>"; };
		4AC8B5C629647ACD003E27E1 /* Assets.xcassets */ = {isa = PBXFileReference; lastKnownFileType = folder.assetcatalog; path = Assets.xcassets; sourceTree = "<group>"; };
		4AC8B5C929647ACD003E27E1 /* Base */ = {isa = PBXFileReference; lastKnownFileType = file.storyboard; name = Base; path = Base.lproj/LaunchScreen.storyboard; sourceTree = "<group>"; };
		4AC8B5CB29647ACD003E27E1 /* Info.plist */ = {isa = PBXFileReference; lastKnownFileType = text.plist.xml; path = Info.plist; sourceTree = "<group>"; };
		4AC8B5D029647ACD003E27E1 /* TempProjectTests.xctest */ = {isa = PBXFileReference; explicitFileType = wrapper.cfbundle; includeInIndex = 0; path = TempProjectTests.xctest; sourceTree = BUILT_PRODUCTS_DIR; };
		4AC8B5D429647ACD003E27E1 /* TempProjectTests.swift */ = {isa = PBXFileReference; lastKnownFileType = sourcecode.swift; path = TempProjectTests.swift; sourceTree = "<group>"; };
		4AC8B5DA29647ACD003E27E1 /* TempProjectUITests.xctest */ = {isa = PBXFileReference; explicitFileType = wrapper.cfbundle; includeInIndex = 0; path = TempProjectUITests.xctest; sourceTree = BUILT_PRODUCTS_DIR; };
		4AC8B5DE29647ACD003E27E1 /* TempProjectUITests.swift */ = {isa = PBXFileReference; lastKnownFileType = sourcecode.swift; path = TempProjectUITests.swift; sourceTree = "<group>"; };
		4AC8B5E029647ACD003E27E1 /* TempProjectUITestsLaunchTests.swift */ = {isa = PBXFileReference; lastKnownFileType = sourcecode.swift; path = TempProjectUITestsLaunchTests.swift; sourceTree = "<group>"; };
		4AC8B5ED29647BD3003E27E1 /* Person.swift */ = {isa = PBXFileReference; lastKnownFileType = sourcecode.swift; path = Person.swift; sourceTree = "<group>"; };
		4AC8B5F02964825E003E27E1 /* UserTests.swift */ = {isa = PBXFileReference; lastKnownFileType = sourcecode.swift; path = UserTests.swift; sourceTree = "<group>"; };
		4AC8B5F229648345003E27E1 /* User.swift */ = {isa = PBXFileReference; lastKnownFileType = sourcecode.swift; path = User.swift; sourceTree = "<group>"; };
		4AC8B5F52964850B003E27E1 /* NumberController.swift */ = {isa = PBXFileReference; lastKnownFileType = sourcecode.swift; path = NumberController.swift; sourceTree = "<group>"; };
		4AC8B5F8296487EB003E27E1 /* NumberTests.swift */ = {isa = PBXFileReference; lastKnownFileType = sourcecode.swift; path = NumberTests.swift; sourceTree = "<group>"; };
/* End PBXFileReference section */

/* Begin PBXFrameworksBuildPhase section */
		4AC8B5B729647ACB003E27E1 /* Frameworks */ = {
			isa = PBXFrameworksBuildPhase;
			buildActionMask = 2147483647;
			files = (
			);
			runOnlyForDeploymentPostprocessing = 0;
		};
		4AC8B5CD29647ACD003E27E1 /* Frameworks */ = {
			isa = PBXFrameworksBuildPhase;
			buildActionMask = 2147483647;
			files = (
			);
			runOnlyForDeploymentPostprocessing = 0;
		};
		4AC8B5D729647ACD003E27E1 /* Frameworks */ = {
			isa = PBXFrameworksBuildPhase;
			buildActionMask = 2147483647;
			files = (
			);
			runOnlyForDeploymentPostprocessing = 0;
		};
/* End PBXFrameworksBuildPhase section */

/* Begin PBXGroup section */
		4AC8B5B129647ACB003E27E1 = {
			isa = PBXGroup;
			children = (
				4AC8B5BC29647ACB003E27E1 /* TempProject */,
				4AC8B5D329647ACD003E27E1 /* TempProjectTests */,
				4AC8B5DD29647ACD003E27E1 /* TempProjectUITests */,
				4AC8B5BB29647ACB003E27E1 /* Products */,
			);
			sourceTree = "<group>";
		};
		4AC8B5BB29647ACB003E27E1 /* Products */ = {
			isa = PBXGroup;
			children = (
				4AC8B5BA29647ACB003E27E1 /* TempProject.app */,
				4AC8B5D029647ACD003E27E1 /* TempProjectTests.xctest */,
				4AC8B5DA29647ACD003E27E1 /* TempProjectUITests.xctest */,
			);
			name = Products;
			sourceTree = "<group>";
		};
		4AC8B5BC29647ACB003E27E1 /* TempProject */ = {
			isa = PBXGroup;
			children = (
				4AC8B5BD29647ACB003E27E1 /* AppDelegate.swift */,
				4AC8B5BF29647ACB003E27E1 /* SceneDelegate.swift */,
				4AC8B5C129647ACB003E27E1 /* ViewController.swift */,
				4AC8B5C329647ACB003E27E1 /* Main.storyboard */,
				4AC8B5ED29647BD3003E27E1 /* Person.swift */,
				4AC8B5F229648345003E27E1 /* User.swift */,
				4AC8B5F52964850B003E27E1 /* NumberController.swift */,
				4AC8B5C629647ACD003E27E1 /* Assets.xcassets */,
				4AC8B5C829647ACD003E27E1 /* LaunchScreen.storyboard */,
				4AC8B5CB29647ACD003E27E1 /* Info.plist */,
			);
			path = TempProject;
			sourceTree = "<group>";
		};
		4AC8B5D329647ACD003E27E1 /* TempProjectTests */ = {
			isa = PBXGroup;
			children = (
				4AC8B5D429647ACD003E27E1 /* TempProjectTests.swift */,
				4AC8B5F02964825E003E27E1 /* UserTests.swift */,
				4AC8B5F8296487EB003E27E1 /* NumberTests.swift */,
			);
			path = TempProjectTests;
			sourceTree = "<group>";
		};
		4AC8B5DD29647ACD003E27E1 /* TempProjectUITests */ = {
			isa = PBXGroup;
			children = (
				4AC8B5DE29647ACD003E27E1 /* TempProjectUITests.swift */,
				4AC8B5E029647ACD003E27E1 /* TempProjectUITestsLaunchTests.swift */,
			);
			path = TempProjectUITests;
			sourceTree = "<group>";
		};
/* End PBXGroup section */

/* Begin PBXNativeTarget section */
		4AC8B5B929647ACB003E27E1 /* TempProject */ = {
			isa = PBXNativeTarget;
			buildConfigurationList = 4AC8B5E429647ACD003E27E1 /* Build configuration list for PBXNativeTarget "TempProject" */;
			buildPhases = (
				4AC8B5B629647ACB003E27E1 /* Sources */,
				4AC8B5B729647ACB003E27E1 /* Frameworks */,
				4AC8B5B829647ACB003E27E1 /* Resources */,
			);
			buildRules = (
			);
			dependencies = (
			);
			name = TempProject;
			productName = TempProject;
			productReference = 4AC8B5BA29647ACB003E27E1 /* TempProject.app */;
			productType = "com.apple.product-type.application";
		};
		4AC8B5CF29647ACD003E27E1 /* TempProjectTests */ = {
			isa = PBXNativeTarget;
			buildConfigurationList = 4AC8B5E729647ACD003E27E1 /* Build configuration list for PBXNativeTarget "TempProjectTests" */;
			buildPhases = (
				4AC8B5CC29647ACD003E27E1 /* Sources */,
				4AC8B5CD29647ACD003E27E1 /* Frameworks */,
				4AC8B5CE29647ACD003E27E1 /* Resources */,
			);
			buildRules = (
			);
			dependencies = (
				4AC8B5D229647ACD003E27E1 /* PBXTargetDependency */,
			);
			name = TempProjectTests;
			productName = TempProjectTests;
			productReference = 4AC8B5D029647ACD003E27E1 /* TempProjectTests.xctest */;
			productType = "com.apple.product-type.bundle.unit-test";
		};
		4AC8B5D929647ACD003E27E1 /* TempProjectUITests */ = {
			isa = PBXNativeTarget;
			buildConfigurationList = 4AC8B5EA29647ACD003E27E1 /* Build configuration list for PBXNativeTarget "TempProjectUITests" */;
			buildPhases = (
				4AC8B5D629647ACD003E27E1 /* Sources */,
				4AC8B5D729647ACD003E27E1 /* Frameworks */,
				4AC8B5D829647ACD003E27E1 /* Resources */,
			);
			buildRules = (
			);
			dependencies = (
				4AC8B5DC29647ACD003E27E1 /* PBXTargetDependency */,
			);
			name = TempProjectUITests;
			productName = TempProjectUITests;
			productReference = 4AC8B5DA29647ACD003E27E1 /* TempProjectUITests.xctest */;
			productType = "com.apple.product-type.bundle.ui-testing";
		};
/* End PBXNativeTarget section */

/* Begin PBXProject section */
		4AC8B5B229647ACB003E27E1 /* Project object */ = {
			isa = PBXProject;
			attributes = {
				BuildIndependentTargetsInParallel = 1;
				LastSwiftUpdateCheck = 1420;
				LastUpgradeCheck = 1420;
				TargetAttributes = {
					4AC8B5B929647ACB003E27E1 = {
						CreatedOnToolsVersion = 14.2;
					};
					4AC8B5CF29647ACD003E27E1 = {
						CreatedOnToolsVersion = 14.2;
						TestTargetID = 4AC8B5B929647ACB003E27E1;
					};
					4AC8B5D929647ACD003E27E1 = {
						CreatedOnToolsVersion = 14.2;
						TestTargetID = 4AC8B5B929647ACB003E27E1;
					};
				};
			};
			buildConfigurationList = 4AC8B5B529647ACB003E27E1 /* Build configuration list for PBXProject "TempProject" */;
			compatibilityVersion = "Xcode 14.0";
			developmentRegion = en;
			hasScannedForEncodings = 0;
			knownRegions = (
				en,
				Base,
			);
			mainGroup = 4AC8B5B129647ACB003E27E1;
			productRefGroup = 4AC8B5BB29647ACB003E27E1 /* Products */;
			projectDirPath = "";
			projectRoot = "";
			targets = (
				4AC8B5B929647ACB003E27E1 /* TempProject */,
				4AC8B5CF29647ACD003E27E1 /* TempProjectTests */,
				4AC8B5D929647ACD003E27E1 /* TempProjectUITests */,
			);
		};
/* End PBXProject section */

/* Begin PBXResourcesBuildPhase section */
		4AC8B5B829647ACB003E27E1 /* Resources */ = {
			isa = PBXResourcesBuildPhase;
			buildActionMask = 2147483647;
			files = (
				4AC8B5CA29647ACD003E27E1 /* LaunchScreen.storyboard in Resources */,
				4AC8B5C729647ACD003E27E1 /* Assets.xcassets in Resources */,
				4AC8B5C529647ACB003E27E1 /* Main.storyboard in Resources */,
			);
			runOnlyForDeploymentPostprocessing = 0;
		};
		4AC8B5CE29647ACD003E27E1 /* Resources */ = {
			isa = PBXResourcesBuildPhase;
			buildActionMask = 2147483647;
			files = (
			);
			runOnlyForDeploymentPostprocessing = 0;
		};
		4AC8B5D829647ACD003E27E1 /* Resources */ = {
			isa = PBXResourcesBuildPhase;
			buildActionMask = 2147483647;
			files = (
			);
			runOnlyForDeploymentPostprocessing = 0;
		};
/* End PBXResourcesBuildPhase section */

/* Begin PBXSourcesBuildPhase section */
		4AC8B5B629647ACB003E27E1 /* Sources */ = {
			isa = PBXSourcesBuildPhase;
			buildActionMask = 2147483647;
			files = (
				4AC8B5C229647ACB003E27E1 /* ViewController.swift in Sources */,
				4AC8B5BE29647ACB003E27E1 /* AppDelegate.swift in Sources */,
				4AC8B5F729648647003E27E1 /* NumberController.swift in Sources */,
				4AC8B5EF29647C21003E27E1 /* Person.swift in Sources */,
				4AC8B5F429648351003E27E1 /* User.swift in Sources */,
				4AC8B5C029647ACB003E27E1 /* SceneDelegate.swift in Sources */,
			);
			runOnlyForDeploymentPostprocessing = 0;
		};
		4AC8B5CC29647ACD003E27E1 /* Sources */ = {
			isa = PBXSourcesBuildPhase;
			buildActionMask = 2147483647;
			files = (
				4AC8B5F9296487EB003E27E1 /* NumberTests.swift in Sources */,
				4AC8B5F12964825E003E27E1 /* UserTests.swift in Sources */,
				4AC8B5D529647ACD003E27E1 /* TempProjectTests.swift in Sources */,
			);
			runOnlyForDeploymentPostprocessing = 0;
		};
		4AC8B5D629647ACD003E27E1 /* Sources */ = {
			isa = PBXSourcesBuildPhase;
			buildActionMask = 2147483647;
			files = (
				4AC8B5E129647ACD003E27E1 /* TempProjectUITestsLaunchTests.swift in Sources */,
				4AC8B5DF29647ACD003E27E1 /* TempProjectUITests.swift in Sources */,
			);
			runOnlyForDeploymentPostprocessing = 0;
		};
/* End PBXSourcesBuildPhase section */

/* Begin PBXTargetDependency section */
		4AC8B5D229647ACD003E27E1 /* PBXTargetDependency */ = {
			isa = PBXTargetDependency;
			target = 4AC8B5B929647ACB003E27E1 /* TempProject */;
			targetProxy = 4AC8B5D129647ACD003E27E1 /* PBXContainerItemProxy */;
		};
		4AC8B5DC29647ACD003E27E1 /* PBXTargetDependency */ = {
			isa = PBXTargetDependency;
			target = 4AC8B5B929647ACB003E27E1 /* TempProject */;
			targetProxy = 4AC8B5DB29647ACD003E27E1 /* PBXContainerItemProxy */;
		};
/* End PBXTargetDependency section */

/* Begin PBXVariantGroup section */
		4AC8B5C329647ACB003E27E1 /* Main.storyboard */ = {
			isa = PBXVariantGroup;
			children = (
				4AC8B5C429647ACB003E27E1 /* Base */,
			);
			name = Main.storyboard;
			sourceTree = "<group>";
		};
		4AC8B5C829647ACD003E27E1 /* LaunchScreen.storyboard */ = {
			isa = PBXVariantGroup;
			children = (
				4AC8B5C929647ACD003E27E1 /* Base */,
			);
			name = LaunchScreen.storyboard;
			sourceTree = "<group>";
		};
/* End PBXVariantGroup section */

/* Begin XCBuildConfiguration section */
		4AC8B5E229647ACD003E27E1 /* Debug */ = {
			isa = XCBuildConfiguration;
			buildSettings = {
				ALWAYS_SEARCH_USER_PATHS = NO;
				CLANG_ANALYZER_NONNULL = YES;
				CLANG_ANALYZER_NUMBER_OBJECT_CONVERSION = YES_AGGRESSIVE;
				CLANG_CXX_LANGUAGE_STANDARD = "gnu++20";
				CLANG_ENABLE_MODULES = YES;
				CLANG_ENABLE_OBJC_ARC = YES;
				CLANG_ENABLE_OBJC_WEAK = YES;
				CLANG_WARN_BLOCK_CAPTURE_AUTORELEASING = YES;
				CLANG_WARN_BOOL_CONVERSION = YES;
				CLANG_WARN_COMMA = YES;
				CLANG_WARN_CONSTANT_CONVERSION = YES;
				CLANG_WARN_DEPRECATED_OBJC_IMPLEMENTATIONS = YES;
				CLANG_WARN_DIRECT_OBJC_ISA_USAGE = YES_ERROR;
				CLANG_WARN_DOCUMENTATION_COMMENTS = YES;
				CLANG_WARN_EMPTY_BODY = YES;
				CLANG_WARN_ENUM_CONVERSION = YES;
				CLANG_WARN_INFINITE_RECURSION = YES;
				CLANG_WARN_INT_CONVERSION = YES;
				CLANG_WARN_NON_LITERAL_NULL_CONVERSION = YES;
				CLANG_WARN_OBJC_IMPLICIT_RETAIN_SELF = YES;
				CLANG_WARN_OBJC_LITERAL_CONVERSION = YES;
				CLANG_WARN_OBJC_ROOT_CLASS = YES_ERROR;
				CLANG_WARN_QUOTED_INCLUDE_IN_FRAMEWORK_HEADER = YES;
				CLANG_WARN_RANGE_LOOP_ANALYSIS = YES;
				CLANG_WARN_STRICT_PROTOTYPES = YES;
				CLANG_WARN_SUSPICIOUS_MOVE = YES;
				CLANG_WARN_UNGUARDED_AVAILABILITY = YES_AGGRESSIVE;
				CLANG_WARN_UNREACHABLE_CODE = YES;
				CLANG_WARN__DUPLICATE_METHOD_MATCH = YES;
				COPY_PHASE_STRIP = NO;
				DEBUG_INFORMATION_FORMAT = dwarf;
				ENABLE_STRICT_OBJC_MSGSEND = YES;
				ENABLE_TESTABILITY = YES;
				GCC_C_LANGUAGE_STANDARD = gnu11;
				GCC_DYNAMIC_NO_PIC = NO;
				GCC_NO_COMMON_BLOCKS = YES;
				GCC_OPTIMIZATION_LEVEL = 0;
				GCC_PREPROCESSOR_DEFINITIONS = (
					"DEBUG=1",
					"$(inherited)",
				);
				GCC_WARN_64_TO_32_BIT_CONVERSION = YES;
				GCC_WARN_ABOUT_RETURN_TYPE = YES_ERROR;
				GCC_WARN_UNDECLARED_SELECTOR = YES;
				GCC_WARN_UNINITIALIZED_AUTOS = YES_AGGRESSIVE;
				GCC_WARN_UNUSED_FUNCTION = YES;
				GCC_WARN_UNUSED_VARIABLE = YES;
				IPHONEOS_DEPLOYMENT_TARGET = 16.2;
				MTL_ENABLE_DEBUG_INFO = INCLUDE_SOURCE;
				MTL_FAST_MATH = YES;
				ONLY_ACTIVE_ARCH = YES;
				SDKROOT = iphoneos;
				SWIFT_ACTIVE_COMPILATION_CONDITIONS = DEBUG;
				SWIFT_OPTIMIZATION_LEVEL = "-Onone";
			};
			name = Debug;
		};
		4AC8B5E329647ACD003E27E1 /* Release */ = {
			isa = XCBuildConfiguration;
			buildSettings = {
				ALWAYS_SEARCH_USER_PATHS = NO;
				CLANG_ANALYZER_NONNULL = YES;
				CLANG_ANALYZER_NUMBER_OBJECT_CONVERSION = YES_AGGRESSIVE;
				CLANG_CXX_LANGUAGE_STANDARD = "gnu++20";
				CLANG_ENABLE_MODULES = YES;
				CLANG_ENABLE_OBJC_ARC = YES;
				CLANG_ENABLE_OBJC_WEAK = YES;
				CLANG_WARN_BLOCK_CAPTURE_AUTORELEASING = YES;
				CLANG_WARN_BOOL_CONVERSION = YES;
				CLANG_WARN_COMMA = YES;
				CLANG_WARN_CONSTANT_CONVERSION = YES;
				CLANG_WARN_DEPRECATED_OBJC_IMPLEMENTATIONS = YES;
				CLANG_WARN_DIRECT_OBJC_ISA_USAGE = YES_ERROR;
				CLANG_WARN_DOCUMENTATION_COMMENTS = YES;
				CLANG_WARN_EMPTY_BODY = YES;
				CLANG_WARN_ENUM_CONVERSION = YES;
				CLANG_WARN_INFINITE_RECURSION = YES;
				CLANG_WARN_INT_CONVERSION = YES;
				CLANG_WARN_NON_LITERAL_NULL_CONVERSION = YES;
				CLANG_WARN_OBJC_IMPLICIT_RETAIN_SELF = YES;
				CLANG_WARN_OBJC_LITERAL_CONVERSION = YES;
				CLANG_WARN_OBJC_ROOT_CLASS = YES_ERROR;
				CLANG_WARN_QUOTED_INCLUDE_IN_FRAMEWORK_HEADER = YES;
				CLANG_WARN_RANGE_LOOP_ANALYSIS = YES;
				CLANG_WARN_STRICT_PROTOTYPES = YES;
				CLANG_WARN_SUSPICIOUS_MOVE = YES;
				CLANG_WARN_UNGUARDED_AVAILABILITY = YES_AGGRESSIVE;
				CLANG_WARN_UNREACHABLE_CODE = YES;
				CLANG_WARN__DUPLICATE_METHOD_MATCH = YES;
				COPY_PHASE_STRIP = NO;
				DEBUG_INFORMATION_FORMAT = "dwarf-with-dsym";
				ENABLE_NS_ASSERTIONS = NO;
				ENABLE_STRICT_OBJC_MSGSEND = YES;
				GCC_C_LANGUAGE_STANDARD = gnu11;
				GCC_NO_COMMON_BLOCKS = YES;
				GCC_WARN_64_TO_32_BIT_CONVERSION = YES;
				GCC_WARN_ABOUT_RETURN_TYPE = YES_ERROR;
				GCC_WARN_UNDECLARED_SELECTOR = YES;
				GCC_WARN_UNINITIALIZED_AUTOS = YES_AGGRESSIVE;
				GCC_WARN_UNUSED_FUNCTION = YES;
				GCC_WARN_UNUSED_VARIABLE = YES;
				IPHONEOS_DEPLOYMENT_TARGET = 16.2;
				MTL_ENABLE_DEBUG_INFO = NO;
				MTL_FAST_MATH = YES;
				SDKROOT = iphoneos;
				SWIFT_COMPILATION_MODE = wholemodule;
				SWIFT_OPTIMIZATION_LEVEL = "-O";
				VALIDATE_PRODUCT = YES;
			};
			name = Release;
		};
		4AC8B5E529647ACD003E27E1 /* Debug */ = {
			isa = XCBuildConfiguration;
			buildSettings = {
				ASSETCATALOG_COMPILER_APPICON_NAME = AppIcon;
				ASSETCATALOG_COMPILER_GLOBAL_ACCENT_COLOR_NAME = AccentColor;
				CODE_SIGN_STYLE = Automatic;
				CURRENT_PROJECT_VERSION = 1;
				DEVELOPMENT_TEAM = HQM8P57BR5;
				GENERATE_INFOPLIST_FILE = YES;
				INFOPLIST_FILE = TempProject/Info.plist;
				INFOPLIST_KEY_UIApplicationSupportsIndirectInputEvents = YES;
				INFOPLIST_KEY_UILaunchStoryboardName = LaunchScreen;
				INFOPLIST_KEY_UIMainStoryboardFile = Main;
				INFOPLIST_KEY_UISupportedInterfaceOrientations_iPad = "UIInterfaceOrientationPortrait UIInterfaceOrientationPortraitUpsideDown UIInterfaceOrientationLandscapeLeft UIInterfaceOrientationLandscapeRight";
				INFOPLIST_KEY_UISupportedInterfaceOrientations_iPhone = "UIInterfaceOrientationPortrait UIInterfaceOrientationLandscapeLeft UIInterfaceOrientationLandscapeRight";
				LD_RUNPATH_SEARCH_PATHS = (
					"$(inherited)",
					"@executable_path/Frameworks",
				);
				MARKETING_VERSION = 1.0;
				PRODUCT_BUNDLE_IDENTIFIER = mtec.TempProject;
				PRODUCT_NAME = "$(TARGET_NAME)";
				SWIFT_EMIT_LOC_STRINGS = YES;
				SWIFT_VERSION = 5.0;
				TARGETED_DEVICE_FAMILY = "1,2";
			};
			name = Debug;
		};
		4AC8B5E629647ACD003E27E1 /* Release */ = {
			isa = XCBuildConfiguration;
			buildSettings = {
				ASSETCATALOG_COMPILER_APPICON_NAME = AppIcon;
				ASSETCATALOG_COMPILER_GLOBAL_ACCENT_COLOR_NAME = AccentColor;
				CODE_SIGN_STYLE = Automatic;
				CURRENT_PROJECT_VERSION = 1;
				DEVELOPMENT_TEAM = HQM8P57BR5;
				GENERATE_INFOPLIST_FILE = YES;
				INFOPLIST_FILE = TempProject/Info.plist;
				INFOPLIST_KEY_UIApplicationSupportsIndirectInputEvents = YES;
				INFOPLIST_KEY_UILaunchStoryboardName = LaunchScreen;
				INFOPLIST_KEY_UIMainStoryboardFile = Main;
				INFOPLIST_KEY_UISupportedInterfaceOrientations_iPad = "UIInterfaceOrientationPortrait UIInterfaceOrientationPortraitUpsideDown UIInterfaceOrientationLandscapeLeft UIInterfaceOrientationLandscapeRight";
				INFOPLIST_KEY_UISupportedInterfaceOrientations_iPhone = "UIInterfaceOrientationPortrait UIInterfaceOrientationLandscapeLeft UIInterfaceOrientationLandscapeRight";
				LD_RUNPATH_SEARCH_PATHS = (
					"$(inherited)",
					"@executable_path/Frameworks",
				);
				MARKETING_VERSION = 1.0;
				PRODUCT_BUNDLE_IDENTIFIER = mtec.TempProject;
				PRODUCT_NAME = "$(TARGET_NAME)";
				SWIFT_EMIT_LOC_STRINGS = YES;
				SWIFT_VERSION = 5.0;
				TARGETED_DEVICE_FAMILY = "1,2";
			};
			name = Release;
		};
		4AC8B5E829647ACD003E27E1 /* Debug */ = {
			isa = XCBuildConfiguration;
			buildSettings = {
				ALWAYS_EMBED_SWIFT_STANDARD_LIBRARIES = YES;
				BUNDLE_LOADER = "$(TEST_HOST)";
				CODE_SIGN_STYLE = Automatic;
				CURRENT_PROJECT_VERSION = 1;
				DEVELOPMENT_TEAM = HQM8P57BR5;
				GENERATE_INFOPLIST_FILE = YES;
				IPHONEOS_DEPLOYMENT_TARGET = 16.2;
				MARKETING_VERSION = 1.0;
				PRODUCT_BUNDLE_IDENTIFIER = mtec.TempProjectTests;
				PRODUCT_NAME = "$(TARGET_NAME)";
				SWIFT_EMIT_LOC_STRINGS = NO;
				SWIFT_VERSION = 5.0;
				TARGETED_DEVICE_FAMILY = "1,2";
				TEST_HOST = "$(BUILT_PRODUCTS_DIR)/TempProject.app/$(BUNDLE_EXECUTABLE_FOLDER_PATH)/TempProject";
			};
			name = Debug;
		};
		4AC8B5E929647ACD003E27E1 /* Release */ = {
			isa = XCBuildConfiguration;
			buildSettings = {
				ALWAYS_EMBED_SWIFT_STANDARD_LIBRARIES = YES;
				BUNDLE_LOADER = "$(TEST_HOST)";
				CODE_SIGN_STYLE = Automatic;
				CURRENT_PROJECT_VERSION = 1;
				DEVELOPMENT_TEAM = HQM8P57BR5;
				GENERATE_INFOPLIST_FILE = YES;
				IPHONEOS_DEPLOYMENT_TARGET = 16.2;
				MARKETING_VERSION = 1.0;
				PRODUCT_BUNDLE_IDENTIFIER = mtec.TempProjectTests;
				PRODUCT_NAME = "$(TARGET_NAME)";
				SWIFT_EMIT_LOC_STRINGS = NO;
				SWIFT_VERSION = 5.0;
				TARGETED_DEVICE_FAMILY = "1,2";
				TEST_HOST = "$(BUILT_PRODUCTS_DIR)/TempProject.app/$(BUNDLE_EXECUTABLE_FOLDER_PATH)/TempProject";
			};
			name = Release;
		};
		4AC8B5EB29647ACD003E27E1 /* Debug */ = {
			isa = XCBuildConfiguration;
			buildSettings = {
				ALWAYS_EMBED_SWIFT_STANDARD_LIBRARIES = YES;
				CODE_SIGN_STYLE = Automatic;
				CURRENT_PROJECT_VERSION = 1;
				DEVELOPMENT_TEAM = HQM8P57BR5;
				GENERATE_INFOPLIST_FILE = YES;
				MARKETING_VERSION = 1.0;
				PRODUCT_BUNDLE_IDENTIFIER = mtec.TempProjectUITests;
				PRODUCT_NAME = "$(TARGET_NAME)";
				SWIFT_EMIT_LOC_STRINGS = NO;
				SWIFT_VERSION = 5.0;
				TARGETED_DEVICE_FAMILY = "1,2";
				TEST_TARGET_NAME = TempProject;
			};
			name = Debug;
		};
		4AC8B5EC29647ACD003E27E1 /* Release */ = {
			isa = XCBuildConfiguration;
			buildSettings = {
				ALWAYS_EMBED_SWIFT_STANDARD_LIBRARIES = YES;
				CODE_SIGN_STYLE = Automatic;
				CURRENT_PROJECT_VERSION = 1;
				DEVELOPMENT_TEAM = HQM8P57BR5;
				GENERATE_INFOPLIST_FILE = YES;
				MARKETING_VERSION = 1.0;
				PRODUCT_BUNDLE_IDENTIFIER = mtec.TempProjectUITests;
				PRODUCT_NAME = "$(TARGET_NAME)";
				SWIFT_EMIT_LOC_STRINGS = NO;
				SWIFT_VERSION = 5.0;
				TARGETED_DEVICE_FAMILY = "1,2";
				TEST_TARGET_NAME = TempProject;
			};
			name = Release;
		};
/* End XCBuildConfiguration section */

/* Begin XCConfigurationList section */
		4AC8B5B529647ACB003E27E1 /* Build configuration list for PBXProject "TempProject" */ = {
			isa = XCConfigurationList;
			buildConfigurations = (
				4AC8B5E229647ACD003E27E1 /* Debug */,
				4AC8B5E329647ACD003E27E1 /* Release */,
			);
			defaultConfigurationIsVisible = 0;
			defaultConfigurationName = Release;
		};
		4AC8B5E429647ACD003E27E1 /* Build configuration list for PBXNativeTarget "TempProject" */ = {
			isa = XCConfigurationList;
			buildConfigurations = (
				4AC8B5E529647ACD003E27E1 /* Debug */,
				4AC8B5E629647ACD003E27E1 /* Release */,
			);
			defaultConfigurationIsVisible = 0;
			defaultConfigurationName = Release;
		};
		4AC8B5E729647ACD003E27E1 /* Build configuration list for PBXNativeTarget "TempProjectTests" */ = {
			isa = XCConfigurationList;
			buildConfigurations = (
				4AC8B5E829647ACD003E27E1 /* Debug */,
				4AC8B5E929647ACD003E27E1 /* Release */,
			);
			defaultConfigurationIsVisible = 0;
			defaultConfigurationName = Release;
		};
		4AC8B5EA29647ACD003E27E1 /* Build configuration list for PBXNativeTarget "TempProjectUITests" */ = {
			isa = XCConfigurationList;
			buildConfigurations = (
				4AC8B5EB29647ACD003E27E1 /* Debug */,
				4AC8B5EC29647ACD003E27E1 /* Release */,
			);
			defaultConfigurationIsVisible = 0;
			defaultConfigurationName = Release;
		};
/* End XCConfigurationList section */
	};
	rootObject = 4AC8B5B229647ACB003E27E1 /* Project object */;
}
